<?xml version="1.0" encoding="utf-8"?>
<Project ToolsVersion="4.0" xmlns="http://schemas.microsoft.com/developer/msbuild/2003">
  <ItemGroup>
    <ClCompile Include="src\ofApp.cpp">
      <Filter>src</Filter>
    </ClCompile>
    <ClCompile Include="src\main.cpp">
      <Filter>src</Filter>
    </ClCompile>
    <ClCompile Include="..\..\..\addons\ofxSplashScreen\src\ofxSplashScreen.cpp">
      <Filter>addons\ofxSplashScreen\src</Filter>
    </ClCompile>
    <ClCompile Include="..\..\..\addons\ofxPolyfit\src\ofxPolyPlane.cpp">
      <Filter>addons\ofxPolyfit\src</Filter>
    </ClCompile>
    <ClCompile Include="..\..\..\addons\ofxPolyfit\src\ofxPolyFit.cpp">
      <Filter>addons\ofxPolyfit\src</Filter>
    </ClCompile>
    <ClCompile Include="..\..\..\addons\ofxPolyfit\libs\polyNfit\src\FitBase.cpp">
      <Filter>addons\ofxPolyfit\libs\polyNfit\src</Filter>
    </ClCompile>
    <ClCompile Include="..\..\..\addons\ofxPolyfit\libs\polyNfit\src\matrix.cpp">
      <Filter>addons\ofxPolyfit\libs\polyNfit\src</Filter>
    </ClCompile>
    <ClCompile Include="..\..\..\addons\ofxPolyfit\libs\polyNfit\src\polyNfit.cpp">
      <Filter>addons\ofxPolyfit\libs\polyNfit\src</Filter>
    </ClCompile>
    <ClCompile Include="..\..\..\addons\ofxPolyfit\libs\polyNfit\src\powerBases.cpp">
      <Filter>addons\ofxPolyfit\libs\polyNfit\src</Filter>
    </ClCompile>
    <ClCompile Include="..\..\..\addons\ofxPolyfit\libs\polyNfit\src\basisTransformIndices.cpp">
      <Filter>addons\ofxPolyfit\libs\polyNfit\src</Filter>
    </ClCompile>
    <ClCompile Include="..\..\..\addons\ofxPolyfit\libs\polyNfit\src\Data\pfitDataSet.cpp">
      <Filter>addons\ofxPolyfit\libs\polyNfit\src\Data</Filter>
    </ClCompile>
    <ClCompile Include="..\..\..\addons\ofxPolyfit\libs\polyNfit\src\Data\pfitBasis.cpp">
      <Filter>addons\ofxPolyfit\libs\polyNfit\src\Data</Filter>
    </ClCompile>
    <ClCompile Include="..\..\..\addons\ofxPolyfit\libs\polyNfit\src\Data\pfitDataPoint.cpp">
      <Filter>addons\ofxPolyfit\libs\polyNfit\src\Data</Filter>
    </ClCompile>
    <ClCompile Include="..\..\..\addons\ofxNonLinearFit\src\ofxNonLinearFit\Algorithm.cpp">
      <Filter>addons\ofxNonLinearFit\ofxNonLinearFit</Filter>
    </ClCompile>
    <ClCompile Include="..\..\..\addons\ofxNonLinearFit\src\ofxNonLinearFit\Models\RigidBody.cpp">
      <Filter>addons\ofxNonLinearFit\ofxNonLinearFit\Models</Filter>
    </ClCompile>
  </ItemGroup>
  <ItemGroup>
    <Filter Include="src">
      <UniqueIdentifier>{d8376475-7454-4a24-b08a-aac121d3ad6f}</UniqueIdentifier>
    </Filter>
    <Filter Include="addons">
      <UniqueIdentifier>{df0f8135-b16c-4406-a2dd-409cad4f9c38}</UniqueIdentifier>
    </Filter>
    <Filter Include="addons\ofxSplashScreen">
      <UniqueIdentifier>{6474802e-fa18-40f6-bbaf-beea5b4e6e67}</UniqueIdentifier>
    </Filter>
    <Filter Include="addons\ofxSplashScreen\src">
      <UniqueIdentifier>{16605a73-ca0f-476f-abda-9458b54e79f9}</UniqueIdentifier>
    </Filter>
    <Filter Include="addons\ofxHomography">
      <UniqueIdentifier>{d6a94ee9-3961-47f2-9fbd-5c1ce7fb6067}</UniqueIdentifier>
    </Filter>
    <Filter Include="addons\ofxHomography\src">
      <UniqueIdentifier>{fec12657-770a-407a-9451-078abbdabb79}</UniqueIdentifier>
    </Filter>
    <Filter Include="addons\ofxPolyfit">
      <UniqueIdentifier>{58520a5f-d792-4c5b-8842-a7e2ca2ad406}</UniqueIdentifier>
    </Filter>
    <Filter Include="addons\ofxPolyfit\src">
      <UniqueIdentifier>{eb7b0ce3-adc5-46ba-9acb-03eb84353615}</UniqueIdentifier>
    </Filter>
    <Filter Include="addons\ofxPolyfit\libs">
      <UniqueIdentifier>{0aae422a-6045-4c27-9960-6fff259e9f3e}</UniqueIdentifier>
    </Filter>
    <Filter Include="addons\ofxPolyfit\libs\polyNfit">
      <UniqueIdentifier>{cbdaaa5a-bb40-4e1f-b5a4-de5ff7680a42}</UniqueIdentifier>
    </Filter>
    <Filter Include="addons\ofxPolyfit\libs\polyNfit\src">
      <UniqueIdentifier>{c36a3c08-235e-4072-b72c-783887953f08}</UniqueIdentifier>
    </Filter>
    <Filter Include="addons\ofxPolyfit\libs\polyNfit\src\Data">
      <UniqueIdentifier>{fc89638e-b41c-417a-bed0-7bafe11c27f1}</UniqueIdentifier>
    </Filter>
    <Filter Include="addons\ofxNonLinearFit">
      <UniqueIdentifier>{95a7e73c-df42-4445-8ab9-45b39a2d7065}</UniqueIdentifier>
    </Filter>
    <Filter Include="addons\ofxNonLinearFit\ofxNonLinearFit">
      <UniqueIdentifier>{6cbdf6d6-04e1-4363-af11-ff7b78011347}</UniqueIdentifier>
    </Filter>
    <Filter Include="addons\ofxNonLinearFit\ofxNonLinearFit\Models">
      <UniqueIdentifier>{69574dfd-f430-48ec-8919-f47d9d7a7881}</UniqueIdentifier>
    </Filter>
  </ItemGroup>
  <ItemGroup>
    <ClInclude Include="src\ofApp.h">
      <Filter>src</Filter>
    </ClInclude>
    <ClInclude Include="..\..\..\addons\ofxSplashScreen\src\ofxSplashScreen.h">
      <Filter>addons\ofxSplashScreen\src</Filter>
    </ClInclude>
    <ClInclude Include="..\..\..\addons\ofxHomography\src\ofxHomography.h">
      <Filter>addons\ofxHomography\src</Filter>
    </ClInclude>
    <ClInclude Include="..\..\..\addons\ofxPolyfit\src\ofxPolyPlane.h">
      <Filter>addons\ofxPolyfit\src</Filter>
    </ClInclude>
    <ClInclude Include="..\..\..\addons\ofxPolyfit\src\ofxPolyFit.h">
      <Filter>addons\ofxPolyfit\src</Filter>
    </ClInclude>
    <ClInclude Include="..\..\..\addons\ofxPolyfit\libs\polyNfit\src\basisTransformIndices.h">
      <Filter>addons\ofxPolyfit\libs\polyNfit\src</Filter>
    </ClInclude>
    <ClInclude Include="..\..\..\addons\ofxPolyfit\libs\polyNfit\src\FitBase.h">
      <Filter>addons\ofxPolyfit\libs\polyNfit\src</Filter>
    </ClInclude>
    <ClInclude Include="..\..\..\addons\ofxPolyfit\libs\polyNfit\src\matrix.h">
      <Filter>addons\ofxPolyfit\libs\polyNfit\src</Filter>
    </ClInclude>
    <ClInclude Include="..\..\..\addons\ofxPolyfit\libs\polyNfit\src\polyNfit.h">
      <Filter>addons\ofxPolyfit\libs\polyNfit\src</Filter>
    </ClInclude>
    <ClInclude Include="..\..\..\addons\ofxPolyfit\libs\polyNfit\src\powerBases.h">
      <Filter>addons\ofxPolyfit\libs\polyNfit\src</Filter>
    </ClInclude>
    <ClInclude Include="..\..\..\addons\ofxPolyfit\libs\polyNfit\src\Data\pfitDataSet.h">
      <Filter>addons\ofxPolyfit\libs\polyNfit\src\Data</Filter>
    </ClInclude>
    <ClInclude Include="..\..\..\addons\ofxPolyfit\libs\polyNfit\src\Data\pfitBasis.h">
      <Filter>addons\ofxPolyfit\libs\polyNfit\src\Data</Filter>
    </ClInclude>
    <ClInclude Include="..\..\..\addons\ofxPolyfit\libs\polyNfit\src\Data\pfitDataPoint.h">
      <Filter>addons\ofxPolyfit\libs\polyNfit\src\Data</Filter>
    </ClInclude>
    <ClInclude Include="..\..\..\addons\ofxNonLinearFit\src\ofxNonLinearFit.h">
      <Filter>addons\ofxNonLinearFit</Filter>
    </ClInclude>
    <ClInclude Include="..\..\..\addons\ofxNonLinearFit\src\ofxNonLinearFit\Algorithm.h">
      <Filter>addons\ofxNonLinearFit\ofxNonLinearFit</Filter>
    </ClInclude>
    <ClInclude Include="..\..\..\addons\ofxNonLinearFit\src\ofxNonLinearFit\Fit.h">
      <Filter>addons\ofxNonLinearFit\ofxNonLinearFit</Filter>
    </ClInclude>
    <ClInclude Include="..\..\..\addons\ofxNonLinearFit\src\ofxNonLinearFit\Utils.h">
      <Filter>addons\ofxNonLinearFit\ofxNonLinearFit</Filter>
    </ClInclude>
    <ClInclude Include="..\..\..\addons\ofxNonLinearFit\src\ofxNonLinearFit\Models\RigidBody.h">
      <Filter>addons\ofxNonLinearFit\ofxNonLinearFit\Models</Filter>
    </ClInclude>
    <ClInclude Include="..\..\..\addons\ofxNonLinearFit\src\ofxNonLinearFit\Models\Base.h">
      <Filter>addons\ofxNonLinearFit\ofxNonLinearFit\Models</Filter>
    </ClInclude>
  </ItemGroup>
  <ItemGroup>
    <ResourceCompile Include="icon.rc" />
  </ItemGroup>
</Project>