<?xml version="1.0" encoding="utf-8"?>
<Project ToolsVersion="4.0" xmlns="http://schemas.microsoft.com/developer/msbuild/2003">
  <ItemGroup>
    <ClCompile Include="src\plugin.cpp" />
    <ClCompile Include="src\ofxRulr\Nodes\DMX\EnttecUsbPro.cpp">
      <Filter>src\ofxRulr\Nodes\DMX</Filter>
    </ClCompile>
  </ItemGroup>
  <ItemGroup>
    <Filter Include="src\ofxRulr\Nodes">
      <UniqueIdentifier>{b5fccf2e-99b2-48d6-ac02-070c142d804e}</UniqueIdentifier>
    </Filter>
    <Filter Include="src">
      <UniqueIdentifier>{7cb23bcc-0fb3-4499-b761-25860287bbd0}</UniqueIdentifier>
    </Filter>
    <Filter Include="src\ofxRulr">
      <UniqueIdentifier>{bd1bdc99-569d-4780-b8f2-1bebc15d27b0}</UniqueIdentifier>
    </Filter>
    <Filter Include="src\ofxRulr\Nodes">
      <UniqueIdentifier>{5298b00f-faab-425c-b58d-8fc893f88157}</UniqueIdentifier>
    </Filter>
    <Filter Include="src\ofxRulr\Nodes\DMX">
      <UniqueIdentifier>{c83ac613-1b93-4aff-a408-cf460a2fb10b}</UniqueIdentifier>
    </Filter>
  </ItemGroup>
  <ItemGroup>
    <ClInclude Include="src\ofxRulr\Nodes\DMX\EnttecUsbPro.h">
      <Filter>src\ofxRulr\Nodes\DMX</Filter>
    </ClInclude>
  </ItemGroup>
</Project>