Microsoft Visual Studio Solution File, Format Version 12.00
# Visual Studio 14
VisualStudioVersion = 14.0.24720.0
MinimumVisualStudioVersion = 10.0.40219.1
Project("{8BC9CEB8-8B4A-11D0-8D11-00A0C91BC942}") = "Rulr", "Rulr.vcxproj", "{7FD42DF7-442E-479A-BA76-D0022F99702A}"
	ProjectSection(ProjectDependencies) = postProject
		{F8877612-5358-423D-980F-28A6DBDF252E} = {F8877612-5358-423D-980F-28A6DBDF252E}
		{C400D413-78E4-4F60-B5E2-7965FCAC0EEC} = {C400D413-78E4-4F60-B5E2-7965FCAC0EEC}
		{CFA3EC15-B6AC-4634-8382-38E43C43695D} = {CFA3EC15-B6AC-4634-8382-38E43C43695D}
		{CBFC3D47-1E57-4291-90B6-C344B836B8DA} = {CBFC3D47-1E57-4291-90B6-C344B836B8DA}
		{4172965B-8375-4DF7-B213-A242DC92BC90} = {4172965B-8375-4DF7-B213-A242DC92BC90}
		{DFE9EE67-8247-43D6-A957-813EFAD6111E} = {DFE9EE67-8247-43D6-A957-813EFAD6111E}
		{09FAF69E-1054-477B-8CF6-B5349771197C} = {09FAF69E-1054-477B-8CF6-B5349771197C}
		{5688EFFC-E727-4032-9CC3-2697085BEC57} = {5688EFFC-E727-4032-9CC3-2697085BEC57}
	EndProjectSection
EndProject
Project("{8BC9CEB8-8B4A-11D0-8D11-00A0C91BC942}") = "openframeworksLib", "..\..\..\libs\openFrameworksCompiled\project\vs\openframeworksLib.vcxproj", "{5837595D-ACA9-485C-8E76-729040CE4B0B}"
EndProject
Project("{8BC9CEB8-8B4A-11D0-8D11-00A0C91BC942}") = "ofxMachineVisionLib", "..\..\ofxMachineVision\ofxMachineVisionLib\ofxMachineVisionLib.vcxproj", "{CD4455E0-0454-4C3C-BB42-9D15D16A34DD}"
EndProject
Project("{8BC9CEB8-8B4A-11D0-8D11-00A0C91BC942}") = "ofxCvMinLib", "..\..\ofxCvMin\ofxCvMinLib\ofxCvMinLib.vcxproj", "{FAA73572-FD12-41FA-8FBE-CB47482D2D87}"
EndProject
Project("{8BC9CEB8-8B4A-11D0-8D11-00A0C91BC942}") = "ofxRayLib", "..\..\ofxRay\ofxRayLib\ofxRayLib.vcxproj", "{048E1EC4-64FE-4AAC-B524-1BD56A1FC726}"
EndProject
Project("{8BC9CEB8-8B4A-11D0-8D11-00A0C91BC942}") = "ofxGraycodeLib", "..\..\ofxGraycode\ofxGraycodeLib\ofxGraycodeLib.vcxproj", "{BA65A9DD-2BE2-4FF8-A9C6-6AC6624CDDC3}"
EndProject
Project("{8BC9CEB8-8B4A-11D0-8D11-00A0C91BC942}") = "ofxEdsdkLib", "..\..\ofxEdsdk\ofxEdsdkLib\ofxEdsdkLib.vcxproj", "{630936F8-C65F-4AB9-92AD-80569EAA7782}"
EndProject
Project("{8BC9CEB8-8B4A-11D0-8D11-00A0C91BC942}") = "ofxKinectForWindows2Lib", "..\..\ofxKinectForWindows2\ofxKinectForWindows2Lib\ofxKinectForWindows2Lib.vcxproj", "{F6008D6A-6D39-4B68-840E-E7AC8ED855DA}"
EndProject
Project("{8BC9CEB8-8B4A-11D0-8D11-00A0C91BC942}") = "ofxCvGuiLib", "..\..\ofxCvGui\ofxCvGuiLib\ofxCvGuiLib.vcxproj", "{6F0DDB4F-4014-4433-919B-9D956C034BAD}"
EndProject
Project("{8BC9CEB8-8B4A-11D0-8D11-00A0C91BC942}") = "ofxUeyeLib", "..\..\ofxUeye\ofxUeyeLib\ofxUeyeLib.vcxproj", "{8D6B518C-D891-4907-8BC1-3232914BAB97}"
EndProject
Project("{8BC9CEB8-8B4A-11D0-8D11-00A0C91BC942}") = "ofxBlackmagicLib", "..\..\ofxBlackmagic2\ofxBlackmagicLib\ofxBlackmagicLib.vcxproj", "{E57BE93F-5BA0-4165-8861-DF6653F11A37}"
EndProject
Project("{8BC9CEB8-8B4A-11D0-8D11-00A0C91BC942}") = "Core", "..\Core\Core.vcxproj", "{9201D4E8-8B5A-44D4-BAA6-23229A1871A7}"
EndProject
Project("{8BC9CEB8-8B4A-11D0-8D11-00A0C91BC942}") = "Plugin_KinectForWindows2", "..\Plugin_KinectForWindows2\Plugin_KinectForWindows2.vcxproj", "{CBFC3D47-1E57-4291-90B6-C344B836B8DA}"
	ProjectSection(ProjectDependencies) = postProject
		{C400D413-78E4-4F60-B5E2-7965FCAC0EEC} = {C400D413-78E4-4F60-B5E2-7965FCAC0EEC}
	EndProjectSection
EndProject
Project("{8BC9CEB8-8B4A-11D0-8D11-00A0C91BC942}") = "Nodes", "..\Nodes\Nodes.vcxproj", "{33D577F9-86E9-4F15-81F1-256A00BBE3EA}"
EndProject
Project("{2150E333-8FDC-42A3-9474-1A3956D46DE8}") = "Addons", "Addons", "{16F575BF-69CD-4DE7-886A-F1E871E4D5B1}"
EndProject
Project("{8BC9CEB8-8B4A-11D0-8D11-00A0C91BC942}") = "ofxPluginLib", "..\..\ofxPlugin\ofxPluginLib\ofxPluginLib.vcxproj", "{68B9239B-5AE6-45C0-B1CB-6FC6B58BB6EE}"
EndProject
Project("{2150E333-8FDC-42A3-9474-1A3956D46DE8}") = "Application", "Application", "{B60F2E08-1FFC-406D-99B2-D446B968362D}"
EndProject
Project("{2150E333-8FDC-42A3-9474-1A3956D46DE8}") = "KinectForWindows2", "KinectForWindows2", "{E02D4FA5-079D-4D3F-805D-AB62A37E77FA}"
EndProject
Project("{8BC9CEB8-8B4A-11D0-8D11-00A0C91BC942}") = "ofxSingleton", "..\..\ofxSingleton\ofxSingletonLib\ofxSingleton.vcxproj", "{4D3BCFDD-E65D-4247-B303-E0839CAEC6A6}"
EndProject
Project("{2150E333-8FDC-42A3-9474-1A3956D46DE8}") = "EnttecUsbPro", "EnttecUsbPro", "{8A40CBDF-2E1C-40FA-8CF6-B5E4C8904278}"
EndProject
Project("{8BC9CEB8-8B4A-11D0-8D11-00A0C91BC942}") = "Plugin_EnttecUsbPro", "..\Plugin_EnttecUsbPro\Plugin_EnttecUsbPro.vcxproj", "{5688EFFC-E727-4032-9CC3-2697085BEC57}"
	ProjectSection(ProjectDependencies) = postProject
		{C400D413-78E4-4F60-B5E2-7965FCAC0EEC} = {C400D413-78E4-4F60-B5E2-7965FCAC0EEC}
	EndProjectSection
EndProject
Project("{8BC9CEB8-8B4A-11D0-8D11-00A0C91BC942}") = "ofxNonLinearFit", "..\..\ofxNonLinearFit\ofxNonLinearFitLib\ofxNonLinearFit.vcxproj", "{C087079E-2A0E-4B85-A479-C28E2D01A048}"
EndProject
Project("{2150E333-8FDC-42A3-9474-1A3956D46DE8}") = "BlackMagic", "BlackMagic", "{5ED22A72-EE8F-4D92-BA9D-0C8FD342A5D9}"
EndProject
Project("{2150E333-8FDC-42A3-9474-1A3956D46DE8}") = "Plugins", "Plugins", "{148566DA-E924-4085-B479-ACA0D1601C9A}"
EndProject
Project("{8BC9CEB8-8B4A-11D0-8D11-00A0C91BC942}") = "Plugin_BlackMagic", "..\Plugin_BlackMagic\Plugin_BlackMagic.vcxproj", "{4172965B-8375-4DF7-B213-A242DC92BC90}"
	ProjectSection(ProjectDependencies) = postProject
		{C400D413-78E4-4F60-B5E2-7965FCAC0EEC} = {C400D413-78E4-4F60-B5E2-7965FCAC0EEC}
	EndProjectSection
EndProject
Project("{2150E333-8FDC-42A3-9474-1A3956D46DE8}") = "MultiTrack", "MultiTrack", "{2F26710F-B29A-4F48-866E-15E096F59C82}"
EndProject
Project("{8BC9CEB8-8B4A-11D0-8D11-00A0C91BC942}") = "Plugin_MultiTrack", "..\Plugin_MultiTrack\Plugin_MultiTrack.vcxproj", "{DFE9EE67-8247-43D6-A957-813EFAD6111E}"
	ProjectSection(ProjectDependencies) = postProject
		{C400D413-78E4-4F60-B5E2-7965FCAC0EEC} = {C400D413-78E4-4F60-B5E2-7965FCAC0EEC}
	EndProjectSection
EndProject
Project("{8BC9CEB8-8B4A-11D0-8D11-00A0C91BC942}") = "Plugin_AppTester", "..\Plugin_AppTester\Plugin_AppTester.vcxproj", "{09FAF69E-1054-477B-8CF6-B5349771197C}"
	ProjectSection(ProjectDependencies) = postProject
		{C400D413-78E4-4F60-B5E2-7965FCAC0EEC} = {C400D413-78E4-4F60-B5E2-7965FCAC0EEC}
	EndProjectSection
EndProject
Project("{2150E333-8FDC-42A3-9474-1A3956D46DE8}") = "AppTester", "AppTester", "{CDED796E-4480-4114-8F51-7C34707A4467}"
EndProject
Project("{8BC9CEB8-8B4A-11D0-8D11-00A0C91BC942}") = "RulrLibrary", "..\RulrLibrary\RulrLibrary.vcxproj", "{C400D413-78E4-4F60-B5E2-7965FCAC0EEC}"
EndProject
Project("{2150E333-8FDC-42A3-9474-1A3956D46DE8}") = "uEye", "uEye", "{81A2CDBB-8789-4196-815A-39E3E4F4FF64}"
EndProject
Project("{8BC9CEB8-8B4A-11D0-8D11-00A0C91BC942}") = "Plugin_uEye", "..\Plugin_uEye\Plugin_uEye.vcxproj", "{F8877612-5358-423D-980F-28A6DBDF252E}"
EndProject
Project("{8BC9CEB8-8B4A-11D0-8D11-00A0C91BC942}") = "ofxMultiTrack", "..\..\ofxMultiTrack\ofxMultiTrackLib\ofxMultiTrack.vcxproj", "{1977CCBA-FAB0-4037-8E67-018DE0022E7C}"
EndProject
Project("{8BC9CEB8-8B4A-11D0-8D11-00A0C91BC942}") = "ofxSquashBuddies", "..\..\ofxSquashBuddies\ofxSquashBuddiesLib\ofxSquashBuddies.vcxproj", "{1AC26B68-BECB-44E7-89F4-210AE5E4C06C}"
EndProject
Project("{8BC9CEB8-8B4A-11D0-8D11-00A0C91BC942}") = "ofxSquashLib", "..\..\ofxSquash\ofxSquashLib\ofxSquashLib.vcxproj", "{C5348207-A7AB-4078-85FA-ED5B98A75E87}"
EndProject
Project("{8BC9CEB8-8B4A-11D0-8D11-00A0C91BC942}") = "ofxAsioLib", "..\..\ofxAsio\ofxAsioLib\ofxAsioLib.vcxproj", "{25C92B0B-E070-47BE-A6A7-665CE9713E3A}"
EndProject
Project("{8BC9CEB8-8B4A-11D0-8D11-00A0C91BC942}") = "ofxZmqLib", "..\..\ofxZmq\ofxZmqLib\ofxZmqLib.vcxproj", "{3F7CD569-F3E4-4C44-991D-01EB9037794E}"
EndProject
Project("{2150E333-8FDC-42A3-9474-1A3956D46DE8}") = "Orbbec", "Orbbec", "{43E2F412-019B-426A-99FC-03EAB90AEA2D}"
EndProject
Project("{8BC9CEB8-8B4A-11D0-8D11-00A0C91BC942}") = "Plugin_Orbbec", "..\Plugin_Orbbec\Plugin_Orbbec.vcxproj", "{CFA3EC15-B6AC-4634-8382-38E43C43695D}"
EndProject
Project("{8BC9CEB8-8B4A-11D0-8D11-00A0C91BC942}") = "ofxOrbbecLib", "..\..\ofxOrbbec\ofxOrbbecLib\ofxOrbbecLib.vcxproj", "{6891A0B0-AD9E-4042-909D-1B5FDB4A3E39}"
EndProject
Global
	GlobalSection(SolutionConfigurationPlatforms) = preSolution
		Debug|x64 = Debug|x64
		Debug|x86 = Debug|x86
		Release|x64 = Release|x64
		Release|x86 = Release|x86
	EndGlobalSection
	GlobalSection(ProjectConfigurationPlatforms) = postSolution
		{7FD42DF7-442E-479A-BA76-D0022F99702A}.Debug|x64.ActiveCfg = Debug|x64
		{7FD42DF7-442E-479A-BA76-D0022F99702A}.Debug|x64.Build.0 = Debug|x64
		{7FD42DF7-442E-479A-BA76-D0022F99702A}.Debug|x86.ActiveCfg = Release|x64
		{7FD42DF7-442E-479A-BA76-D0022F99702A}.Debug|x86.Build.0 = Release|x64
		{7FD42DF7-442E-479A-BA76-D0022F99702A}.Release|x64.ActiveCfg = Release|x64
		{7FD42DF7-442E-479A-BA76-D0022F99702A}.Release|x64.Build.0 = Release|x64
		{7FD42DF7-442E-479A-BA76-D0022F99702A}.Release|x86.ActiveCfg = Release|x64
		{7FD42DF7-442E-479A-BA76-D0022F99702A}.Release|x86.Build.0 = Release|x64
		{5837595D-ACA9-485C-8E76-729040CE4B0B}.Debug|x64.ActiveCfg = Debug|x64
		{5837595D-ACA9-485C-8E76-729040CE4B0B}.Debug|x64.Build.0 = Debug|x64
		{5837595D-ACA9-485C-8E76-729040CE4B0B}.Debug|x86.ActiveCfg = Release|Win32
		{5837595D-ACA9-485C-8E76-729040CE4B0B}.Debug|x86.Build.0 = Release|Win32
		{5837595D-ACA9-485C-8E76-729040CE4B0B}.Release|x64.ActiveCfg = Release|x64
		{5837595D-ACA9-485C-8E76-729040CE4B0B}.Release|x64.Build.0 = Release|x64
		{5837595D-ACA9-485C-8E76-729040CE4B0B}.Release|x86.ActiveCfg = Release|Win32
		{5837595D-ACA9-485C-8E76-729040CE4B0B}.Release|x86.Build.0 = Release|Win32
		{CD4455E0-0454-4C3C-BB42-9D15D16A34DD}.Debug|x64.ActiveCfg = Debug|x64
		{CD4455E0-0454-4C3C-BB42-9D15D16A34DD}.Debug|x64.Build.0 = Debug|x64
		{CD4455E0-0454-4C3C-BB42-9D15D16A34DD}.Debug|x86.ActiveCfg = Release|Win32
		{CD4455E0-0454-4C3C-BB42-9D15D16A34DD}.Debug|x86.Build.0 = Release|Win32
		{CD4455E0-0454-4C3C-BB42-9D15D16A34DD}.Release|x64.ActiveCfg = Release|x64
		{CD4455E0-0454-4C3C-BB42-9D15D16A34DD}.Release|x64.Build.0 = Release|x64
		{CD4455E0-0454-4C3C-BB42-9D15D16A34DD}.Release|x86.ActiveCfg = Release|Win32
		{CD4455E0-0454-4C3C-BB42-9D15D16A34DD}.Release|x86.Build.0 = Release|Win32
		{FAA73572-FD12-41FA-8FBE-CB47482D2D87}.Debug|x64.ActiveCfg = Debug|x64
		{FAA73572-FD12-41FA-8FBE-CB47482D2D87}.Debug|x64.Build.0 = Debug|x64
		{FAA73572-FD12-41FA-8FBE-CB47482D2D87}.Debug|x86.ActiveCfg = Release|Win32
		{FAA73572-FD12-41FA-8FBE-CB47482D2D87}.Debug|x86.Build.0 = Release|Win32
		{FAA73572-FD12-41FA-8FBE-CB47482D2D87}.Release|x64.ActiveCfg = Release|x64
		{FAA73572-FD12-41FA-8FBE-CB47482D2D87}.Release|x64.Build.0 = Release|x64
		{FAA73572-FD12-41FA-8FBE-CB47482D2D87}.Release|x86.ActiveCfg = Release|Win32
		{FAA73572-FD12-41FA-8FBE-CB47482D2D87}.Release|x86.Build.0 = Release|Win32
		{048E1EC4-64FE-4AAC-B524-1BD56A1FC726}.Debug|x64.ActiveCfg = Debug|x64
		{048E1EC4-64FE-4AAC-B524-1BD56A1FC726}.Debug|x64.Build.0 = Debug|x64
		{048E1EC4-64FE-4AAC-B524-1BD56A1FC726}.Debug|x86.ActiveCfg = Release|Win32
		{048E1EC4-64FE-4AAC-B524-1BD56A1FC726}.Debug|x86.Build.0 = Release|Win32
		{048E1EC4-64FE-4AAC-B524-1BD56A1FC726}.Release|x64.ActiveCfg = Release|x64
		{048E1EC4-64FE-4AAC-B524-1BD56A1FC726}.Release|x64.Build.0 = Release|x64
		{048E1EC4-64FE-4AAC-B524-1BD56A1FC726}.Release|x86.ActiveCfg = Release|Win32
		{048E1EC4-64FE-4AAC-B524-1BD56A1FC726}.Release|x86.Build.0 = Release|Win32
		{BA65A9DD-2BE2-4FF8-A9C6-6AC6624CDDC3}.Debug|x64.ActiveCfg = Debug|x64
		{BA65A9DD-2BE2-4FF8-A9C6-6AC6624CDDC3}.Debug|x64.Build.0 = Debug|x64
		{BA65A9DD-2BE2-4FF8-A9C6-6AC6624CDDC3}.Debug|x86.ActiveCfg = Release|Win32
		{BA65A9DD-2BE2-4FF8-A9C6-6AC6624CDDC3}.Debug|x86.Build.0 = Release|Win32
		{BA65A9DD-2BE2-4FF8-A9C6-6AC6624CDDC3}.Release|x64.ActiveCfg = Release|x64
		{BA65A9DD-2BE2-4FF8-A9C6-6AC6624CDDC3}.Release|x64.Build.0 = Release|x64
		{BA65A9DD-2BE2-4FF8-A9C6-6AC6624CDDC3}.Release|x86.ActiveCfg = Release|Win32
		{BA65A9DD-2BE2-4FF8-A9C6-6AC6624CDDC3}.Release|x86.Build.0 = Release|Win32
		{630936F8-C65F-4AB9-92AD-80569EAA7782}.Debug|x64.ActiveCfg = Debug|x64
		{630936F8-C65F-4AB9-92AD-80569EAA7782}.Debug|x64.Build.0 = Debug|x64
		{630936F8-C65F-4AB9-92AD-80569EAA7782}.Debug|x86.ActiveCfg = Release|Win32
		{630936F8-C65F-4AB9-92AD-80569EAA7782}.Debug|x86.Build.0 = Release|Win32
		{630936F8-C65F-4AB9-92AD-80569EAA7782}.Release|x64.ActiveCfg = Release|x64
		{630936F8-C65F-4AB9-92AD-80569EAA7782}.Release|x64.Build.0 = Release|x64
		{630936F8-C65F-4AB9-92AD-80569EAA7782}.Release|x86.ActiveCfg = Release|Win32
		{630936F8-C65F-4AB9-92AD-80569EAA7782}.Release|x86.Build.0 = Release|Win32
		{F6008D6A-6D39-4B68-840E-E7AC8ED855DA}.Debug|x64.ActiveCfg = Debug|x64
		{F6008D6A-6D39-4B68-840E-E7AC8ED855DA}.Debug|x64.Build.0 = Debug|x64
		{F6008D6A-6D39-4B68-840E-E7AC8ED855DA}.Debug|x86.ActiveCfg = Release|Win32
		{F6008D6A-6D39-4B68-840E-E7AC8ED855DA}.Debug|x86.Build.0 = Release|Win32
		{F6008D6A-6D39-4B68-840E-E7AC8ED855DA}.Release|x64.ActiveCfg = Release|x64
		{F6008D6A-6D39-4B68-840E-E7AC8ED855DA}.Release|x64.Build.0 = Release|x64
		{F6008D6A-6D39-4B68-840E-E7AC8ED855DA}.Release|x86.ActiveCfg = Release|Win32
		{F6008D6A-6D39-4B68-840E-E7AC8ED855DA}.Release|x86.Build.0 = Release|Win32
		{6F0DDB4F-4014-4433-919B-9D956C034BAD}.Debug|x64.ActiveCfg = Debug|x64
		{6F0DDB4F-4014-4433-919B-9D956C034BAD}.Debug|x64.Build.0 = Debug|x64
		{6F0DDB4F-4014-4433-919B-9D956C034BAD}.Debug|x86.ActiveCfg = Release|Win32
		{6F0DDB4F-4014-4433-919B-9D956C034BAD}.Debug|x86.Build.0 = Release|Win32
		{6F0DDB4F-4014-4433-919B-9D956C034BAD}.Release|x64.ActiveCfg = Release|x64
		{6F0DDB4F-4014-4433-919B-9D956C034BAD}.Release|x64.Build.0 = Release|x64
		{6F0DDB4F-4014-4433-919B-9D956C034BAD}.Release|x86.ActiveCfg = Release|Win32
		{6F0DDB4F-4014-4433-919B-9D956C034BAD}.Release|x86.Build.0 = Release|Win32
		{8D6B518C-D891-4907-8BC1-3232914BAB97}.Debug|x64.ActiveCfg = Debug|x64
		{8D6B518C-D891-4907-8BC1-3232914BAB97}.Debug|x64.Build.0 = Debug|x64
		{8D6B518C-D891-4907-8BC1-3232914BAB97}.Debug|x86.ActiveCfg = Release|Win32
		{8D6B518C-D891-4907-8BC1-3232914BAB97}.Debug|x86.Build.0 = Release|Win32
		{8D6B518C-D891-4907-8BC1-3232914BAB97}.Release|x64.ActiveCfg = Release|x64
		{8D6B518C-D891-4907-8BC1-3232914BAB97}.Release|x64.Build.0 = Release|x64
		{8D6B518C-D891-4907-8BC1-3232914BAB97}.Release|x86.ActiveCfg = Release|Win32
		{8D6B518C-D891-4907-8BC1-3232914BAB97}.Release|x86.Build.0 = Release|Win32
		{E57BE93F-5BA0-4165-8861-DF6653F11A37}.Debug|x64.ActiveCfg = Debug|x64
		{E57BE93F-5BA0-4165-8861-DF6653F11A37}.Debug|x64.Build.0 = Debug|x64
		{E57BE93F-5BA0-4165-8861-DF6653F11A37}.Debug|x86.ActiveCfg = Release|Win32
		{E57BE93F-5BA0-4165-8861-DF6653F11A37}.Debug|x86.Build.0 = Release|Win32
		{E57BE93F-5BA0-4165-8861-DF6653F11A37}.Release|x64.ActiveCfg = Release|x64
		{E57BE93F-5BA0-4165-8861-DF6653F11A37}.Release|x64.Build.0 = Release|x64
		{E57BE93F-5BA0-4165-8861-DF6653F11A37}.Release|x86.ActiveCfg = Release|Win32
		{E57BE93F-5BA0-4165-8861-DF6653F11A37}.Release|x86.Build.0 = Release|Win32
		{9201D4E8-8B5A-44D4-BAA6-23229A1871A7}.Debug|x64.ActiveCfg = Debug|x64
		{9201D4E8-8B5A-44D4-BAA6-23229A1871A7}.Debug|x64.Build.0 = Debug|x64
		{9201D4E8-8B5A-44D4-BAA6-23229A1871A7}.Debug|x86.ActiveCfg = Release|x64
		{9201D4E8-8B5A-44D4-BAA6-23229A1871A7}.Debug|x86.Build.0 = Release|x64
		{9201D4E8-8B5A-44D4-BAA6-23229A1871A7}.Release|x64.ActiveCfg = Release|x64
		{9201D4E8-8B5A-44D4-BAA6-23229A1871A7}.Release|x64.Build.0 = Release|x64
		{9201D4E8-8B5A-44D4-BAA6-23229A1871A7}.Release|x86.ActiveCfg = Release|x64
		{9201D4E8-8B5A-44D4-BAA6-23229A1871A7}.Release|x86.Build.0 = Release|x64
		{CBFC3D47-1E57-4291-90B6-C344B836B8DA}.Debug|x64.ActiveCfg = Debug|x64
		{CBFC3D47-1E57-4291-90B6-C344B836B8DA}.Debug|x64.Build.0 = Debug|x64
		{CBFC3D47-1E57-4291-90B6-C344B836B8DA}.Debug|x86.ActiveCfg = Release|Win32
		{CBFC3D47-1E57-4291-90B6-C344B836B8DA}.Debug|x86.Build.0 = Release|Win32
		{CBFC3D47-1E57-4291-90B6-C344B836B8DA}.Release|x64.ActiveCfg = Release|x64
		{CBFC3D47-1E57-4291-90B6-C344B836B8DA}.Release|x64.Build.0 = Release|x64
		{CBFC3D47-1E57-4291-90B6-C344B836B8DA}.Release|x86.ActiveCfg = Release|Win32
		{CBFC3D47-1E57-4291-90B6-C344B836B8DA}.Release|x86.Build.0 = Release|Win32
		{33D577F9-86E9-4F15-81F1-256A00BBE3EA}.Debug|x64.ActiveCfg = Debug|x64
		{33D577F9-86E9-4F15-81F1-256A00BBE3EA}.Debug|x64.Build.0 = Debug|x64
		{33D577F9-86E9-4F15-81F1-256A00BBE3EA}.Debug|x86.ActiveCfg = Release|x64
		{33D577F9-86E9-4F15-81F1-256A00BBE3EA}.Debug|x86.Build.0 = Release|x64
		{33D577F9-86E9-4F15-81F1-256A00BBE3EA}.Release|x64.ActiveCfg = Release|x64
		{33D577F9-86E9-4F15-81F1-256A00BBE3EA}.Release|x64.Build.0 = Release|x64
		{33D577F9-86E9-4F15-81F1-256A00BBE3EA}.Release|x86.ActiveCfg = Release|x64
		{33D577F9-86E9-4F15-81F1-256A00BBE3EA}.Release|x86.Build.0 = Release|x64
		{68B9239B-5AE6-45C0-B1CB-6FC6B58BB6EE}.Debug|x64.ActiveCfg = Debug|x64
		{68B9239B-5AE6-45C0-B1CB-6FC6B58BB6EE}.Debug|x64.Build.0 = Debug|x64
		{68B9239B-5AE6-45C0-B1CB-6FC6B58BB6EE}.Debug|x86.ActiveCfg = Release|Win32
		{68B9239B-5AE6-45C0-B1CB-6FC6B58BB6EE}.Debug|x86.Build.0 = Release|Win32
		{68B9239B-5AE6-45C0-B1CB-6FC6B58BB6EE}.Release|x64.ActiveCfg = Release|x64
		{68B9239B-5AE6-45C0-B1CB-6FC6B58BB6EE}.Release|x64.Build.0 = Release|x64
		{68B9239B-5AE6-45C0-B1CB-6FC6B58BB6EE}.Release|x86.ActiveCfg = Release|Win32
		{68B9239B-5AE6-45C0-B1CB-6FC6B58BB6EE}.Release|x86.Build.0 = Release|Win32
		{4D3BCFDD-E65D-4247-B303-E0839CAEC6A6}.Debug|x64.ActiveCfg = Debug|x64
		{4D3BCFDD-E65D-4247-B303-E0839CAEC6A6}.Debug|x64.Build.0 = Debug|x64
		{4D3BCFDD-E65D-4247-B303-E0839CAEC6A6}.Debug|x86.ActiveCfg = Release|Win32
		{4D3BCFDD-E65D-4247-B303-E0839CAEC6A6}.Debug|x86.Build.0 = Release|Win32
		{4D3BCFDD-E65D-4247-B303-E0839CAEC6A6}.Release|x64.ActiveCfg = Release|x64
		{4D3BCFDD-E65D-4247-B303-E0839CAEC6A6}.Release|x64.Build.0 = Release|x64
		{4D3BCFDD-E65D-4247-B303-E0839CAEC6A6}.Release|x86.ActiveCfg = Release|Win32
		{4D3BCFDD-E65D-4247-B303-E0839CAEC6A6}.Release|x86.Build.0 = Release|Win32
		{5688EFFC-E727-4032-9CC3-2697085BEC57}.Debug|x64.ActiveCfg = Debug|x64
		{5688EFFC-E727-4032-9CC3-2697085BEC57}.Debug|x64.Build.0 = Debug|x64
		{5688EFFC-E727-4032-9CC3-2697085BEC57}.Debug|x86.ActiveCfg = Release|Win32
		{5688EFFC-E727-4032-9CC3-2697085BEC57}.Debug|x86.Build.0 = Release|Win32
		{5688EFFC-E727-4032-9CC3-2697085BEC57}.Release|x64.ActiveCfg = Release|x64
		{5688EFFC-E727-4032-9CC3-2697085BEC57}.Release|x64.Build.0 = Release|x64
		{5688EFFC-E727-4032-9CC3-2697085BEC57}.Release|x86.ActiveCfg = Release|Win32
		{5688EFFC-E727-4032-9CC3-2697085BEC57}.Release|x86.Build.0 = Release|Win32
		{C087079E-2A0E-4B85-A479-C28E2D01A048}.Debug|x64.ActiveCfg = Debug|x64
		{C087079E-2A0E-4B85-A479-C28E2D01A048}.Debug|x64.Build.0 = Debug|x64
		{C087079E-2A0E-4B85-A479-C28E2D01A048}.Debug|x86.ActiveCfg = Debug|Win32
		{C087079E-2A0E-4B85-A479-C28E2D01A048}.Debug|x86.Build.0 = Debug|Win32
		{C087079E-2A0E-4B85-A479-C28E2D01A048}.Release|x64.ActiveCfg = Release|x64
		{C087079E-2A0E-4B85-A479-C28E2D01A048}.Release|x64.Build.0 = Release|x64
		{C087079E-2A0E-4B85-A479-C28E2D01A048}.Release|x86.ActiveCfg = Release|Win32
		{C087079E-2A0E-4B85-A479-C28E2D01A048}.Release|x86.Build.0 = Release|Win32
		{4172965B-8375-4DF7-B213-A242DC92BC90}.Debug|x64.ActiveCfg = Debug|x64
		{4172965B-8375-4DF7-B213-A242DC92BC90}.Debug|x64.Build.0 = Debug|x64
		{4172965B-8375-4DF7-B213-A242DC92BC90}.Debug|x86.ActiveCfg = Debug|Win32
		{4172965B-8375-4DF7-B213-A242DC92BC90}.Debug|x86.Build.0 = Debug|Win32
		{4172965B-8375-4DF7-B213-A242DC92BC90}.Release|x64.ActiveCfg = Release|x64
		{4172965B-8375-4DF7-B213-A242DC92BC90}.Release|x64.Build.0 = Release|x64
		{4172965B-8375-4DF7-B213-A242DC92BC90}.Release|x86.ActiveCfg = Release|Win32
		{4172965B-8375-4DF7-B213-A242DC92BC90}.Release|x86.Build.0 = Release|Win32
		{DFE9EE67-8247-43D6-A957-813EFAD6111E}.Debug|x64.ActiveCfg = Debug|x64
		{DFE9EE67-8247-43D6-A957-813EFAD6111E}.Debug|x64.Build.0 = Debug|x64
		{DFE9EE67-8247-43D6-A957-813EFAD6111E}.Debug|x86.ActiveCfg = Debug|Win32
		{DFE9EE67-8247-43D6-A957-813EFAD6111E}.Debug|x86.Build.0 = Debug|Win32
		{DFE9EE67-8247-43D6-A957-813EFAD6111E}.Release|x64.ActiveCfg = Release|x64
		{DFE9EE67-8247-43D6-A957-813EFAD6111E}.Release|x64.Build.0 = Release|x64
		{DFE9EE67-8247-43D6-A957-813EFAD6111E}.Release|x86.ActiveCfg = Release|Win32
		{DFE9EE67-8247-43D6-A957-813EFAD6111E}.Release|x86.Build.0 = Release|Win32
		{09FAF69E-1054-477B-8CF6-B5349771197C}.Debug|x64.ActiveCfg = Debug|x64
		{09FAF69E-1054-477B-8CF6-B5349771197C}.Debug|x64.Build.0 = Debug|x64
		{09FAF69E-1054-477B-8CF6-B5349771197C}.Debug|x86.ActiveCfg = Debug|Win32
		{09FAF69E-1054-477B-8CF6-B5349771197C}.Debug|x86.Build.0 = Debug|Win32
		{09FAF69E-1054-477B-8CF6-B5349771197C}.Release|x64.ActiveCfg = Release|x64
		{09FAF69E-1054-477B-8CF6-B5349771197C}.Release|x64.Build.0 = Release|x64
		{09FAF69E-1054-477B-8CF6-B5349771197C}.Release|x86.ActiveCfg = Release|Win32
		{09FAF69E-1054-477B-8CF6-B5349771197C}.Release|x86.Build.0 = Release|Win32
		{C400D413-78E4-4F60-B5E2-7965FCAC0EEC}.Debug|x64.ActiveCfg = Debug|x64
		{C400D413-78E4-4F60-B5E2-7965FCAC0EEC}.Debug|x64.Build.0 = Debug|x64
		{C400D413-78E4-4F60-B5E2-7965FCAC0EEC}.Debug|x86.ActiveCfg = Debug|x64
		{C400D413-78E4-4F60-B5E2-7965FCAC0EEC}.Release|x64.ActiveCfg = Release|x64
		{C400D413-78E4-4F60-B5E2-7965FCAC0EEC}.Release|x64.Build.0 = Release|x64
		{C400D413-78E4-4F60-B5E2-7965FCAC0EEC}.Release|x86.ActiveCfg = Release|x64
		{F8877612-5358-423D-980F-28A6DBDF252E}.Debug|x64.ActiveCfg = Debug|x64
		{F8877612-5358-423D-980F-28A6DBDF252E}.Debug|x64.Build.0 = Debug|x64
		{F8877612-5358-423D-980F-28A6DBDF252E}.Debug|x86.ActiveCfg = Debug|Win32
		{F8877612-5358-423D-980F-28A6DBDF252E}.Debug|x86.Build.0 = Debug|Win32
		{F8877612-5358-423D-980F-28A6DBDF252E}.Release|x64.ActiveCfg = Release|x64
		{F8877612-5358-423D-980F-28A6DBDF252E}.Release|x64.Build.0 = Release|x64
		{F8877612-5358-423D-980F-28A6DBDF252E}.Release|x86.ActiveCfg = Release|Win32
		{F8877612-5358-423D-980F-28A6DBDF252E}.Release|x86.Build.0 = Release|Win32
		{1977CCBA-FAB0-4037-8E67-018DE0022E7C}.Debug|x64.ActiveCfg = Debug|x64
		{1977CCBA-FAB0-4037-8E67-018DE0022E7C}.Debug|x64.Build.0 = Debug|x64
		{1977CCBA-FAB0-4037-8E67-018DE0022E7C}.Debug|x86.ActiveCfg = Debug|Win32
		{1977CCBA-FAB0-4037-8E67-018DE0022E7C}.Debug|x86.Build.0 = Debug|Win32
		{1977CCBA-FAB0-4037-8E67-018DE0022E7C}.Release|x64.ActiveCfg = Release|x64
		{1977CCBA-FAB0-4037-8E67-018DE0022E7C}.Release|x64.Build.0 = Release|x64
		{1977CCBA-FAB0-4037-8E67-018DE0022E7C}.Release|x86.ActiveCfg = Release|Win32
		{1977CCBA-FAB0-4037-8E67-018DE0022E7C}.Release|x86.Build.0 = Release|Win32
		{1AC26B68-BECB-44E7-89F4-210AE5E4C06C}.Debug|x64.ActiveCfg = Debug|x64
		{1AC26B68-BECB-44E7-89F4-210AE5E4C06C}.Debug|x64.Build.0 = Debug|x64
		{1AC26B68-BECB-44E7-89F4-210AE5E4C06C}.Debug|x86.ActiveCfg = Debug|Win32
		{1AC26B68-BECB-44E7-89F4-210AE5E4C06C}.Debug|x86.Build.0 = Debug|Win32
		{1AC26B68-BECB-44E7-89F4-210AE5E4C06C}.Release|x64.ActiveCfg = Release|x64
		{1AC26B68-BECB-44E7-89F4-210AE5E4C06C}.Release|x64.Build.0 = Release|x64
		{1AC26B68-BECB-44E7-89F4-210AE5E4C06C}.Release|x86.ActiveCfg = Release|Win32
		{1AC26B68-BECB-44E7-89F4-210AE5E4C06C}.Release|x86.Build.0 = Release|Win32
		{C5348207-A7AB-4078-85FA-ED5B98A75E87}.Debug|x64.ActiveCfg = Debug|x64
		{C5348207-A7AB-4078-85FA-ED5B98A75E87}.Debug|x64.Build.0 = Debug|x64
		{C5348207-A7AB-4078-85FA-ED5B98A75E87}.Debug|x86.ActiveCfg = Debug|Win32
		{C5348207-A7AB-4078-85FA-ED5B98A75E87}.Debug|x86.Build.0 = Debug|Win32
		{C5348207-A7AB-4078-85FA-ED5B98A75E87}.Release|x64.ActiveCfg = Release|x64
		{C5348207-A7AB-4078-85FA-ED5B98A75E87}.Release|x64.Build.0 = Release|x64
		{C5348207-A7AB-4078-85FA-ED5B98A75E87}.Release|x86.ActiveCfg = Release|Win32
		{C5348207-A7AB-4078-85FA-ED5B98A75E87}.Release|x86.Build.0 = Release|Win32
		{25C92B0B-E070-47BE-A6A7-665CE9713E3A}.Debug|x64.ActiveCfg = Debug|x64
		{25C92B0B-E070-47BE-A6A7-665CE9713E3A}.Debug|x64.Build.0 = Debug|x64
		{25C92B0B-E070-47BE-A6A7-665CE9713E3A}.Debug|x86.ActiveCfg = Debug|Win32
		{25C92B0B-E070-47BE-A6A7-665CE9713E3A}.Debug|x86.Build.0 = Debug|Win32
		{25C92B0B-E070-47BE-A6A7-665CE9713E3A}.Release|x64.ActiveCfg = Release|x64
		{25C92B0B-E070-47BE-A6A7-665CE9713E3A}.Release|x64.Build.0 = Release|x64
		{25C92B0B-E070-47BE-A6A7-665CE9713E3A}.Release|x86.ActiveCfg = Release|Win32
		{25C92B0B-E070-47BE-A6A7-665CE9713E3A}.Release|x86.Build.0 = Release|Win32
		{3F7CD569-F3E4-4C44-991D-01EB9037794E}.Debug|x64.ActiveCfg = Debug|x64
		{3F7CD569-F3E4-4C44-991D-01EB9037794E}.Debug|x64.Build.0 = Debug|x64
		{3F7CD569-F3E4-4C44-991D-01EB9037794E}.Debug|x86.ActiveCfg = Debug|Win32
		{3F7CD569-F3E4-4C44-991D-01EB9037794E}.Debug|x86.Build.0 = Debug|Win32
		{3F7CD569-F3E4-4C44-991D-01EB9037794E}.Release|x64.ActiveCfg = Release|x64
		{3F7CD569-F3E4-4C44-991D-01EB9037794E}.Release|x64.Build.0 = Release|x64
		{3F7CD569-F3E4-4C44-991D-01EB9037794E}.Release|x86.ActiveCfg = Release|Win32
		{3F7CD569-F3E4-4C44-991D-01EB9037794E}.Release|x86.Build.0 = Release|Win32
		{CFA3EC15-B6AC-4634-8382-38E43C43695D}.Debug|x64.ActiveCfg = Debug|x64
		{CFA3EC15-B6AC-4634-8382-38E43C43695D}.Debug|x64.Build.0 = Debug|x64
		{CFA3EC15-B6AC-4634-8382-38E43C43695D}.Debug|x86.ActiveCfg = Debug|Win32
		{CFA3EC15-B6AC-4634-8382-38E43C43695D}.Debug|x86.Build.0 = Debug|Win32
		{CFA3EC15-B6AC-4634-8382-38E43C43695D}.Release|x64.ActiveCfg = Release|x64
		{CFA3EC15-B6AC-4634-8382-38E43C43695D}.Release|x64.Build.0 = Release|x64
		{CFA3EC15-B6AC-4634-8382-38E43C43695D}.Release|x86.ActiveCfg = Release|Win32
		{CFA3EC15-B6AC-4634-8382-38E43C43695D}.Release|x86.Build.0 = Release|Win32
		{6891A0B0-AD9E-4042-909D-1B5FDB4A3E39}.Debug|x64.ActiveCfg = Debug|x64
		{6891A0B0-AD9E-4042-909D-1B5FDB4A3E39}.Debug|x64.Build.0 = Debug|x64
		{6891A0B0-AD9E-4042-909D-1B5FDB4A3E39}.Debug|x86.ActiveCfg = Debug|Win32
		{6891A0B0-AD9E-4042-909D-1B5FDB4A3E39}.Debug|x86.Build.0 = Debug|Win32
		{6891A0B0-AD9E-4042-909D-1B5FDB4A3E39}.Release|x64.ActiveCfg = Release|x64
		{6891A0B0-AD9E-4042-909D-1B5FDB4A3E39}.Release|x64.Build.0 = Release|x64
		{6891A0B0-AD9E-4042-909D-1B5FDB4A3E39}.Release|x86.ActiveCfg = Release|Win32
		{6891A0B0-AD9E-4042-909D-1B5FDB4A3E39}.Release|x86.Build.0 = Release|Win32
	EndGlobalSection
	GlobalSection(SolutionProperties) = preSolution
		HideSolutionNode = FALSE
	EndGlobalSection
	GlobalSection(NestedProjects) = preSolution
		{7FD42DF7-442E-479A-BA76-D0022F99702A} = {B60F2E08-1FFC-406D-99B2-D446B968362D}
		{5837595D-ACA9-485C-8E76-729040CE4B0B} = {16F575BF-69CD-4DE7-886A-F1E871E4D5B1}
		{CD4455E0-0454-4C3C-BB42-9D15D16A34DD} = {16F575BF-69CD-4DE7-886A-F1E871E4D5B1}
		{FAA73572-FD12-41FA-8FBE-CB47482D2D87} = {16F575BF-69CD-4DE7-886A-F1E871E4D5B1}
		{048E1EC4-64FE-4AAC-B524-1BD56A1FC726} = {16F575BF-69CD-4DE7-886A-F1E871E4D5B1}
		{BA65A9DD-2BE2-4FF8-A9C6-6AC6624CDDC3} = {16F575BF-69CD-4DE7-886A-F1E871E4D5B1}
		{630936F8-C65F-4AB9-92AD-80569EAA7782} = {16F575BF-69CD-4DE7-886A-F1E871E4D5B1}
		{F6008D6A-6D39-4B68-840E-E7AC8ED855DA} = {E02D4FA5-079D-4D3F-805D-AB62A37E77FA}
		{6F0DDB4F-4014-4433-919B-9D956C034BAD} = {16F575BF-69CD-4DE7-886A-F1E871E4D5B1}
		{8D6B518C-D891-4907-8BC1-3232914BAB97} = {81A2CDBB-8789-4196-815A-39E3E4F4FF64}
		{E57BE93F-5BA0-4165-8861-DF6653F11A37} = {5ED22A72-EE8F-4D92-BA9D-0C8FD342A5D9}
		{9201D4E8-8B5A-44D4-BAA6-23229A1871A7} = {B60F2E08-1FFC-406D-99B2-D446B968362D}
		{CBFC3D47-1E57-4291-90B6-C344B836B8DA} = {E02D4FA5-079D-4D3F-805D-AB62A37E77FA}
		{33D577F9-86E9-4F15-81F1-256A00BBE3EA} = {B60F2E08-1FFC-406D-99B2-D446B968362D}
		{16F575BF-69CD-4DE7-886A-F1E871E4D5B1} = {B60F2E08-1FFC-406D-99B2-D446B968362D}
		{68B9239B-5AE6-45C0-B1CB-6FC6B58BB6EE} = {16F575BF-69CD-4DE7-886A-F1E871E4D5B1}
		{E02D4FA5-079D-4D3F-805D-AB62A37E77FA} = {148566DA-E924-4085-B479-ACA0D1601C9A}
		{4D3BCFDD-E65D-4247-B303-E0839CAEC6A6} = {16F575BF-69CD-4DE7-886A-F1E871E4D5B1}
		{8A40CBDF-2E1C-40FA-8CF6-B5E4C8904278} = {148566DA-E924-4085-B479-ACA0D1601C9A}
		{5688EFFC-E727-4032-9CC3-2697085BEC57} = {8A40CBDF-2E1C-40FA-8CF6-B5E4C8904278}
		{C087079E-2A0E-4B85-A479-C28E2D01A048} = {16F575BF-69CD-4DE7-886A-F1E871E4D5B1}
		{5ED22A72-EE8F-4D92-BA9D-0C8FD342A5D9} = {148566DA-E924-4085-B479-ACA0D1601C9A}
		{4172965B-8375-4DF7-B213-A242DC92BC90} = {5ED22A72-EE8F-4D92-BA9D-0C8FD342A5D9}
		{2F26710F-B29A-4F48-866E-15E096F59C82} = {148566DA-E924-4085-B479-ACA0D1601C9A}
		{DFE9EE67-8247-43D6-A957-813EFAD6111E} = {2F26710F-B29A-4F48-866E-15E096F59C82}
		{09FAF69E-1054-477B-8CF6-B5349771197C} = {CDED796E-4480-4114-8F51-7C34707A4467}
		{CDED796E-4480-4114-8F51-7C34707A4467} = {148566DA-E924-4085-B479-ACA0D1601C9A}
		{C400D413-78E4-4F60-B5E2-7965FCAC0EEC} = {B60F2E08-1FFC-406D-99B2-D446B968362D}
		{81A2CDBB-8789-4196-815A-39E3E4F4FF64} = {148566DA-E924-4085-B479-ACA0D1601C9A}
		{F8877612-5358-423D-980F-28A6DBDF252E} = {81A2CDBB-8789-4196-815A-39E3E4F4FF64}
		{1977CCBA-FAB0-4037-8E67-018DE0022E7C} = {2F26710F-B29A-4F48-866E-15E096F59C82}
		{1AC26B68-BECB-44E7-89F4-210AE5E4C06C} = {2F26710F-B29A-4F48-866E-15E096F59C82}
		{C5348207-A7AB-4078-85FA-ED5B98A75E87} = {2F26710F-B29A-4F48-866E-15E096F59C82}
		{25C92B0B-E070-47BE-A6A7-665CE9713E3A} = {2F26710F-B29A-4F48-866E-15E096F59C82}
		{3F7CD569-F3E4-4C44-991D-01EB9037794E} = {2F26710F-B29A-4F48-866E-15E096F59C82}
		{43E2F412-019B-426A-99FC-03EAB90AEA2D} = {148566DA-E924-4085-B479-ACA0D1601C9A}
		{CFA3EC15-B6AC-4634-8382-38E43C43695D} = {43E2F412-019B-426A-99FC-03EAB90AEA2D}
		{6891A0B0-AD9E-4042-909D-1B5FDB4A3E39} = {43E2F412-019B-426A-99FC-03EAB90AEA2D}
	EndGlobalSection
EndGlobal
