<?xml version="1.0" encoding="utf-8"?>
<Project ToolsVersion="4.0" xmlns="http://schemas.microsoft.com/developer/msbuild/2003">
  <ItemGroup>
    <ClCompile Include="src\ofApp.cpp">
      <Filter>src</Filter>
    </ClCompile>
    <ClCompile Include="src\main.cpp">
      <Filter>src</Filter>
    </ClCompile>
    <ClCompile Include="..\..\..\addons\ofxSplashScreen\src\ofxSplashScreen.cpp">
      <Filter>addons\ofxSplashScreen\src</Filter>
    </ClCompile>
    <ClCompile Include="..\..\ofxEdsdk\pairs\ofxRulr\Nodes\Monitor\CanonLiveView.cpp">
      <Filter>pairs\ofxEdsdk\ofxRulr\Nodes\Monitor</Filter>
    </ClCompile>
    <ClCompile Include="..\..\ofxEdsdk\pairs\ofxMachineVision\Device\CanonDSLRLiveViewDevice.cpp">
      <Filter>pairs\ofxEdsdk\ofxMachineVision\Device</Filter>
    </ClCompile>
    <ClCompile Include="..\..\ofxEdsdk\pairs\ofxMachineVision\Device\CanonDSLRDevice.cpp">
      <Filter>pairs\ofxEdsdk\ofxMachineVision\Device</Filter>
    </ClCompile>
  </ItemGroup>
  <ItemGroup>
    <Filter Include="src">
      <UniqueIdentifier>{d8376475-7454-4a24-b08a-aac121d3ad6f}</UniqueIdentifier>
    </Filter>
    <Filter Include="addons">
      <UniqueIdentifier>{df0f8135-b16c-4406-a2dd-409cad4f9c38}</UniqueIdentifier>
    </Filter>
    <Filter Include="addons\ofxSplashScreen">
      <UniqueIdentifier>{6474802e-fa18-40f6-bbaf-beea5b4e6e67}</UniqueIdentifier>
    </Filter>
    <Filter Include="addons\ofxSplashScreen\src">
      <UniqueIdentifier>{16605a73-ca0f-476f-abda-9458b54e79f9}</UniqueIdentifier>
    </Filter>
    <Filter Include="pairs">
      <UniqueIdentifier>{6a4e7b4c-ca4b-40ed-a1cf-9eadf6c8cb23}</UniqueIdentifier>
    </Filter>
    <Filter Include="pairs\ofxEdsdk">
      <UniqueIdentifier>{177ec21d-aef5-4978-9e9d-49fc9a078907}</UniqueIdentifier>
    </Filter>
    <Filter Include="pairs\ofxEdsdk\ofxMachineVision">
      <UniqueIdentifier>{3b2b293d-e91a-475a-8691-f052bd789367}</UniqueIdentifier>
    </Filter>
    <Filter Include="pairs\ofxEdsdk\ofxRulr">
      <UniqueIdentifier>{822936b8-806a-46be-983f-5818a8bc8d69}</UniqueIdentifier>
    </Filter>
    <Filter Include="pairs\ofxEdsdk\ofxRulr\Nodes">
      <UniqueIdentifier>{b66a28e5-be33-4791-b82c-ee19f2995e9a}</UniqueIdentifier>
    </Filter>
    <Filter Include="pairs\ofxEdsdk\ofxRulr\Nodes\Monitor">
      <UniqueIdentifier>{12d9776b-7d33-44a6-9472-aedf0ac5d485}</UniqueIdentifier>
    </Filter>
    <Filter Include="pairs\ofxEdsdk\ofxMachineVision\Device">
      <UniqueIdentifier>{8410aa53-fed8-4b58-b33c-d98b85af43ba}</UniqueIdentifier>
    </Filter>
  </ItemGroup>
  <ItemGroup>
    <ClInclude Include="src\ofApp.h">
      <Filter>src</Filter>
    </ClInclude>
    <ClInclude Include="..\..\..\addons\ofxSplashScreen\src\ofxSplashScreen.h">
      <Filter>addons\ofxSplashScreen\src</Filter>
    </ClInclude>
    <ClInclude Include="resource.h" />
    <ClInclude Include="..\..\ofxEdsdk\pairs\ofxRulr\Nodes\Monitor\CanonLiveView.h">
      <Filter>pairs\ofxEdsdk\ofxRulr\Nodes\Monitor</Filter>
    </ClInclude>
    <ClInclude Include="..\..\ofxEdsdk\pairs\ofxMachineVision\Device\CanonDSLRDevice.h">
      <Filter>pairs\ofxEdsdk\ofxMachineVision\Device</Filter>
    </ClInclude>
    <ClInclude Include="..\..\ofxEdsdk\pairs\ofxMachineVision\Device\CanonDSLRLiveViewDevice.h">
      <Filter>pairs\ofxEdsdk\ofxMachineVision\Device</Filter>
    </ClInclude>
  </ItemGroup>
  <ItemGroup>
    <ResourceCompile Include="Rulr.rc" />
  </ItemGroup>
  <ItemGroup>
    <Image Include="main_icon.ico" />
  </ItemGroup>
</Project>