<?xml version="1.0" encoding="utf-8"?>
<Project ToolsVersion="4.0" xmlns="http://schemas.microsoft.com/developer/msbuild/2003">
  <ItemGroup>
    <Filter Include="src">
      <UniqueIdentifier>{8d0342e3-fb0c-48fb-8f29-08d1c095c23b}</UniqueIdentifier>
    </Filter>
    <Filter Include="src\ofxRulr">
      <UniqueIdentifier>{13661101-3cff-440d-b531-3667d3b87e80}</UniqueIdentifier>
    </Filter>
    <Filter Include="src\ofxRulr\Nodes">
      <UniqueIdentifier>{84b7f230-ba17-4411-a1b7-f7e85b9cbd68}</UniqueIdentifier>
    </Filter>
    <Filter Include="src\ofxRulr\Nodes\Procedure">
      <UniqueIdentifier>{9f302807-9c82-45b8-9425-ec24ddb90958}</UniqueIdentifier>
    </Filter>
    <Filter Include="src\ofxRulr\Nodes\Procedure\Calibrate">
      <UniqueIdentifier>{4ef89778-b9dd-4540-a8ee-0adb35827fea}</UniqueIdentifier>
    </Filter>
    <Filter Include="src\ofxRulr\Nodes\Data">
      <UniqueIdentifier>{7e024ec6-a34b-4c2a-9e04-a061257e72ef}</UniqueIdentifier>
    </Filter>
  </ItemGroup>
  <ItemGroup>
    <ClCompile Include="src\plugin.cpp">
      <Filter>src</Filter>
    </ClCompile>
    <ClCompile Include="src\ofxRulr\Nodes\Data\SelectSceneVertices.cpp">
      <Filter>src\ofxRulr\Nodes\Data</Filter>
    </ClCompile>
    <ClCompile Include="src\ofxRulr\Nodes\Procedure\Calibrate\CameraExtrinsicsFromBoard.cpp">
      <Filter>src\ofxRulr\Nodes\Procedure\Calibrate</Filter>
    </ClCompile>
    <ClCompile Include="src\ofxRulr\Nodes\Procedure\Calibrate\CameraFromDepthCamera.cpp">
      <Filter>src\ofxRulr\Nodes\Procedure\Calibrate</Filter>
    </ClCompile>
    <ClCompile Include="src\ofxRulr\Nodes\Procedure\Calibrate\CameraIntrinsics.cpp">
      <Filter>src\ofxRulr\Nodes\Procedure\Calibrate</Filter>
    </ClCompile>
    <ClCompile Include="src\ofxRulr\Nodes\Procedure\Calibrate\HomographyFromGraycode.cpp">
      <Filter>src\ofxRulr\Nodes\Procedure\Calibrate</Filter>
    </ClCompile>
    <ClCompile Include="src\ofxRulr\Nodes\Procedure\Calibrate\IReferenceVertices.cpp">
      <Filter>src\ofxRulr\Nodes\Procedure\Calibrate</Filter>
    </ClCompile>
    <ClCompile Include="src\ofxRulr\Nodes\Procedure\Calibrate\Mesh2DFromGraycode.cpp">
      <Filter>src\ofxRulr\Nodes\Procedure\Calibrate</Filter>
    </ClCompile>
    <ClCompile Include="src\ofxRulr\Nodes\Procedure\Calibrate\MovingHeadToWorld.cpp">
      <Filter>src\ofxRulr\Nodes\Procedure\Calibrate</Filter>
    </ClCompile>
    <ClCompile Include="src\ofxRulr\Nodes\Procedure\Calibrate\ProjectorFromDepthCamera.cpp">
      <Filter>src\ofxRulr\Nodes\Procedure\Calibrate</Filter>
    </ClCompile>
    <ClCompile Include="src\ofxRulr\Nodes\Procedure\Calibrate\ProjectorFromGraycode.cpp">
      <Filter>src\ofxRulr\Nodes\Procedure\Calibrate</Filter>
    </ClCompile>
    <ClCompile Include="src\ofxRulr\Nodes\Procedure\Calibrate\ProjectorFromStereoAndHelperCamera.cpp">
      <Filter>src\ofxRulr\Nodes\Procedure\Calibrate</Filter>
    </ClCompile>
    <ClCompile Include="src\ofxRulr\Nodes\Procedure\Calibrate\ProjectorFromStereoCameras.cpp">
      <Filter>src\ofxRulr\Nodes\Procedure\Calibrate</Filter>
    </ClCompile>
    <ClCompile Include="src\ofxRulr\Nodes\Procedure\Calibrate\StereoCalibrate.cpp">
      <Filter>src\ofxRulr\Nodes\Procedure\Calibrate</Filter>
    </ClCompile>
    <ClCompile Include="src\ofxRulr\Nodes\Procedure\Calibrate\ViewToVertices.cpp">
      <Filter>src\ofxRulr\Nodes\Procedure\Calibrate</Filter>
    </ClCompile>
    <ClCompile Include="src\pch_Plugin_Calibrate.cpp">
      <Filter>src</Filter>
    </ClCompile>
  </ItemGroup>
  <ItemGroup>
    <ClInclude Include="src\ofxRulr\Nodes\Data\SelectSceneVertices.h">
      <Filter>src\ofxRulr\Nodes\Data</Filter>
    </ClInclude>
    <ClInclude Include="src\ofxRulr\Nodes\Procedure\Calibrate\CameraExtrinsicsFromBoard.h">
      <Filter>src\ofxRulr\Nodes\Procedure\Calibrate</Filter>
    </ClInclude>
    <ClInclude Include="src\ofxRulr\Nodes\Procedure\Calibrate\CameraFromDepthCamera.h">
      <Filter>src\ofxRulr\Nodes\Procedure\Calibrate</Filter>
    </ClInclude>
    <ClInclude Include="src\ofxRulr\Nodes\Procedure\Calibrate\CameraIntrinsics.h">
      <Filter>src\ofxRulr\Nodes\Procedure\Calibrate</Filter>
    </ClInclude>
    <ClInclude Include="src\ofxRulr\Nodes\Procedure\Calibrate\HomographyFromGraycode.h">
      <Filter>src\ofxRulr\Nodes\Procedure\Calibrate</Filter>
    </ClInclude>
    <ClInclude Include="src\ofxRulr\Nodes\Procedure\Calibrate\IReferenceVertices.h">
      <Filter>src\ofxRulr\Nodes\Procedure\Calibrate</Filter>
    </ClInclude>
    <ClInclude Include="src\ofxRulr\Nodes\Procedure\Calibrate\Mesh2DFromGraycode.h">
      <Filter>src\ofxRulr\Nodes\Procedure\Calibrate</Filter>
    </ClInclude>
    <ClInclude Include="src\ofxRulr\Nodes\Procedure\Calibrate\MovingHeadToWorld.h">
      <Filter>src\ofxRulr\Nodes\Procedure\Calibrate</Filter>
    </ClInclude>
    <ClInclude Include="src\ofxRulr\Nodes\Procedure\Calibrate\ProjectorFromDepthCamera.h">
      <Filter>src\ofxRulr\Nodes\Procedure\Calibrate</Filter>
    </ClInclude>
    <ClInclude Include="src\ofxRulr\Nodes\Procedure\Calibrate\ProjectorFromGraycode.h">
      <Filter>src\ofxRulr\Nodes\Procedure\Calibrate</Filter>
    </ClInclude>
    <ClInclude Include="src\ofxRulr\Nodes\Procedure\Calibrate\ProjectorFromStereoAndHelperCamera.h">
      <Filter>src\ofxRulr\Nodes\Procedure\Calibrate</Filter>
    </ClInclude>
    <ClInclude Include="src\ofxRulr\Nodes\Procedure\Calibrate\ProjectorFromStereoCameras.h">
      <Filter>src\ofxRulr\Nodes\Procedure\Calibrate</Filter>
    </ClInclude>
    <ClInclude Include="src\ofxRulr\Nodes\Procedure\Calibrate\StereoCalibrate.h">
      <Filter>src\ofxRulr\Nodes\Procedure\Calibrate</Filter>
    </ClInclude>
    <ClInclude Include="src\ofxRulr\Nodes\Procedure\Calibrate\ViewToVertices.h">
      <Filter>src\ofxRulr\Nodes\Procedure\Calibrate</Filter>
    </ClInclude>
    <ClInclude Include="src\Constants_Plugin_Calibration.h">
      <Filter>src</Filter>
    </ClInclude>
    <ClInclude Include="src\pch_Plugin_Calibrate.h">
      <Filter>src</Filter>
    </ClInclude>
  </ItemGroup>
</Project>