<?xml version="1.0" encoding="utf-8"?>
<Project ToolsVersion="4.0" xmlns="http://schemas.microsoft.com/developer/msbuild/2003">
  <ItemGroup>
    <Filter Include="src">
      <UniqueIdentifier>{b859839d-46da-43da-b6da-cf5bec84f57b}</UniqueIdentifier>
    </Filter>
    <Filter Include="src\ofxRulr">
      <UniqueIdentifier>{f69eb000-c72a-4717-9639-98671cfc41b4}</UniqueIdentifier>
    </Filter>
    <Filter Include="src\ofxRulr\Nodes">
      <UniqueIdentifier>{717c6f3d-a06a-42aa-acad-661ab017ee39}</UniqueIdentifier>
    </Filter>
    <Filter Include="src\ofxRulr\Nodes\AppTester">
      <UniqueIdentifier>{b9ee24f4-29d3-45fa-ac53-cf1d6b45604e}</UniqueIdentifier>
    </Filter>
  </ItemGroup>
  <ItemGroup>
    <ClInclude Include="src\pch_AppTester.h">
      <Filter>src</Filter>
    </ClInclude>
    <ClInclude Include="src\ofxRulr\Nodes\AppTester\ListProjects.h">
      <Filter>src\ofxRulr\Nodes\AppTester</Filter>
    </ClInclude>
    <ClInclude Include="src\ofxRulr\Nodes\AppTester\Project.h">
      <Filter>src\ofxRulr\Nodes\AppTester</Filter>
    </ClInclude>
  </ItemGroup>
  <ItemGroup>
    <ClCompile Include="src\pch_AppTester.cpp">
      <Filter>src</Filter>
    </ClCompile>
    <ClCompile Include="src\ofxRulr\Nodes\AppTester\ListProjects.cpp">
      <Filter>src\ofxRulr\Nodes\AppTester</Filter>
    </ClCompile>
    <ClCompile Include="src\plugin.cpp">
      <Filter>src</Filter>
    </ClCompile>
    <ClCompile Include="src\ofxRulr\Nodes\AppTester\Project.cpp">
      <Filter>src\ofxRulr\Nodes\AppTester</Filter>
    </ClCompile>
  </ItemGroup>
</Project>