<?xml version="1.0" encoding="utf-8"?>
<Project ToolsVersion="4.0" xmlns="http://schemas.microsoft.com/developer/msbuild/2003">
  <ItemGroup>
    <Filter Include="src\ofxRulr\Nodes\Item">
      <UniqueIdentifier>{3839fabc-d627-4b8e-a34b-9c3418c556eb}</UniqueIdentifier>
    </Filter>
    <Filter Include="src\ofxRulr\Nodes\Procedure">
      <UniqueIdentifier>{6cb4f291-4cab-4088-9ad8-91599b7125f2}</UniqueIdentifier>
    </Filter>
    <Filter Include="src\ofxRulr\Nodes\Procedure\Scan">
      <UniqueIdentifier>{6418dc67-8def-4cd4-8807-01a4ef065686}</UniqueIdentifier>
    </Filter>
    <Filter Include="src\ofxRulr\Nodes\Render">
      <UniqueIdentifier>{434e707b-75f8-4610-90d2-b5df5fa14f60}</UniqueIdentifier>
    </Filter>
    <Filter Include="addons">
      <UniqueIdentifier>{f3e6135e-cc3d-497a-8eed-84a33481a9bb}</UniqueIdentifier>
    </Filter>
    <Filter Include="addons\ofxSpinCursor">
      <UniqueIdentifier>{16a51e5d-7d57-4366-aba5-39ae66f78923}</UniqueIdentifier>
    </Filter>
    <Filter Include="addons\ofxSpinCursor\src">
      <UniqueIdentifier>{f391a517-8fc6-410a-b6d2-cea636f686fc}</UniqueIdentifier>
    </Filter>
    <Filter Include="addons\ofxTriangulate">
      <UniqueIdentifier>{bb17b6dd-c44a-4f2c-9369-c807055bbd0e}</UniqueIdentifier>
    </Filter>
    <Filter Include="addons\ofxTriangulate\src">
      <UniqueIdentifier>{3bad2d24-89c4-48db-9aab-0c97f1a37b97}</UniqueIdentifier>
    </Filter>
    <Filter Include="src">
      <UniqueIdentifier>{11031153-ceb8-48ae-a66e-5bbd2f748c0e}</UniqueIdentifier>
    </Filter>
    <Filter Include="src\ofxRulr">
      <UniqueIdentifier>{f6f1d342-dbf9-49aa-992c-4b6f1c1f4d52}</UniqueIdentifier>
    </Filter>
    <Filter Include="src\ofxRulr\Nodes">
      <UniqueIdentifier>{d1ab085f-2d05-40c9-b439-cd87aa6f5cfd}</UniqueIdentifier>
    </Filter>
    <Filter Include="src\ofxRulr\Nodes\Item">
      <UniqueIdentifier>{e6b681c9-4fc8-48da-bbb6-9fc460bd8c2d}</UniqueIdentifier>
    </Filter>
    <Filter Include="src\ofxRulr\Nodes\Procedure">
      <UniqueIdentifier>{13f1b973-a86c-4e8d-b936-8cbb2435c0d2}</UniqueIdentifier>
    </Filter>
    <Filter Include="src\ofxRulr\Nodes\Procedure\Calibrate">
      <UniqueIdentifier>{1f0daaa8-42fa-4873-9d67-85d789017238}</UniqueIdentifier>
    </Filter>
    <Filter Include="src\ofxRulr\Nodes\Procedure\Scan">
      <UniqueIdentifier>{da7f3a95-abcf-4eb1-8b3c-790101ae863c}</UniqueIdentifier>
    </Filter>
    <Filter Include="src\ofxRulr\Nodes\Render">
      <UniqueIdentifier>{0ef9b4f9-3bda-4368-bba8-592c4c0d2c6e}</UniqueIdentifier>
    </Filter>
    <Filter Include="src\ofxRulr\Nodes\Data">
      <UniqueIdentifier>{b1da98cf-610f-474c-96b6-f3f5203aea47}</UniqueIdentifier>
    </Filter>
    <Filter Include="src\ofxRulr\Nodes\DMX">
      <UniqueIdentifier>{5ddb32e0-a6b3-430a-9faa-563cca4c9428}</UniqueIdentifier>
    </Filter>
    <Filter Include="src\ofxRulr\Nodes\System">
      <UniqueIdentifier>{23b5c0d7-6fa1-481c-b2ac-8fc1602afc77}</UniqueIdentifier>
    </Filter>
    <Filter Include="src\ofxRulr\Nodes\Test">
      <UniqueIdentifier>{05501dd1-f962-45bb-a58b-f41a946f2846}</UniqueIdentifier>
    </Filter>
    <Filter Include="src\ofxRulr\Nodes\Application">
      <UniqueIdentifier>{fcc96b4b-64e7-42e4-9583-9d71d7a2bf83}</UniqueIdentifier>
    </Filter>
    <Filter Include="src\ofxRulr\Nodes\Data\Channels">
      <UniqueIdentifier>{6984404a-b0ee-4781-93a0-ef265e829c94}</UniqueIdentifier>
    </Filter>
    <Filter Include="src\ofxRulr\Data">
      <UniqueIdentifier>{43badc5c-8081-4173-8a53-fb9cbc29c3cd}</UniqueIdentifier>
    </Filter>
    <Filter Include="src\ofxRulr\Data\Channels">
      <UniqueIdentifier>{55e3fd34-c81b-4782-95e5-5e4e9935add9}</UniqueIdentifier>
    </Filter>
    <Filter Include="src\ofxRulr\Nodes\Data\Channels\Generator">
      <UniqueIdentifier>{8f8ef269-fbcf-420a-9cb9-1ce43874f795}</UniqueIdentifier>
    </Filter>
    <Filter Include="addons\ofxTriangle">
      <UniqueIdentifier>{369c51fb-316f-4036-99cc-3af25830ccee}</UniqueIdentifier>
    </Filter>
    <Filter Include="addons\ofxTriangle\src">
      <UniqueIdentifier>{7a315213-f9a9-4305-8cb8-0e4ae538dac5}</UniqueIdentifier>
    </Filter>
    <Filter Include="addons\ofxTriangle\libs">
      <UniqueIdentifier>{572dca21-efbb-413b-8518-6b4ddf0a74ee}</UniqueIdentifier>
    </Filter>
    <Filter Include="addons\ofxTriangle\libs\Triangle">
      <UniqueIdentifier>{4b9b3a92-f225-4f51-9bd7-6402f7b8f820}</UniqueIdentifier>
    </Filter>
    <Filter Include="addons\ofxTriangle\libs\Triangle\include">
      <UniqueIdentifier>{e43da1d4-c1e0-4510-80e9-682df1106e54}</UniqueIdentifier>
    </Filter>
    <Filter Include="addons\ofxTriangle\libs\Triangle\src">
      <UniqueIdentifier>{983f696e-bb63-42b2-9bb5-109a870fab75}</UniqueIdentifier>
    </Filter>
    <Filter Include="src\ofxRulr\Utils">
      <UniqueIdentifier>{08482660-a69e-4f25-816f-43c7b263d001}</UniqueIdentifier>
    </Filter>
    <Filter Include="addons\ofxAssimpModelLoader">
      <UniqueIdentifier>{1ea87235-b336-409d-bbe9-0dc97e5e3c5d}</UniqueIdentifier>
    </Filter>
    <Filter Include="addons\ofxAssimpModelLoader\src">
      <UniqueIdentifier>{a4b45006-59d3-442e-a61c-4a367d9652c5}</UniqueIdentifier>
    </Filter>
    <Filter Include="src\ofxRulr\Nodes\Watchdog">
      <UniqueIdentifier>{234df221-fa97-4ae6-9da2-86b30767da39}</UniqueIdentifier>
    </Filter>
    <Filter Include="src\ofxRulr\Utils\Serialization">
      <UniqueIdentifier>{d24170b4-fb06-41c2-ac36-86af5e3be2b5}</UniqueIdentifier>
    </Filter>
  </ItemGroup>
  <ItemGroup>
    <ClInclude Include="..\..\ofxSpinCursor\src\ofxSpinCursor.h">
      <Filter>addons\ofxSpinCursor\src</Filter>
    </ClInclude>
    <ClInclude Include="..\..\ofxTriangulate\src\ofxTriangulate.h">
      <Filter>addons\ofxTriangulate\src</Filter>
    </ClInclude>
    <ClInclude Include="src\ofxRulr\Nodes\Item\Camera.h">
      <Filter>src\ofxRulr\Nodes\Item</Filter>
    </ClInclude>
    <ClInclude Include="src\ofxRulr\Nodes\Item\Projector.h">
      <Filter>src\ofxRulr\Nodes\Item</Filter>
    </ClInclude>
    <ClInclude Include="src\ofxRulr\Nodes\Item\RigidBody.h">
      <Filter>src\ofxRulr\Nodes\Item</Filter>
    </ClInclude>
    <ClInclude Include="src\ofxRulr\Nodes\Item\View.h">
      <Filter>src\ofxRulr\Nodes\Item</Filter>
    </ClInclude>
    <ClInclude Include="src\ofxRulr\Nodes\Item\Base.h">
      <Filter>src\ofxRulr\Nodes\Item</Filter>
    </ClInclude>
    <ClInclude Include="src\ofxRulr\Nodes\Item\Board.h">
      <Filter>src\ofxRulr\Nodes\Item</Filter>
    </ClInclude>
    <ClInclude Include="src\ofxRulr\Nodes\Procedure\Triangulate.h">
      <Filter>src\ofxRulr\Nodes\Procedure</Filter>
    </ClInclude>
    <ClInclude Include="src\ofxRulr\Nodes\Procedure\Base.h">
      <Filter>src\ofxRulr\Nodes\Procedure</Filter>
    </ClInclude>
    <ClInclude Include="src\ofxRulr\Nodes\Procedure\Scan\Graycode.h">
      <Filter>src\ofxRulr\Nodes\Procedure\Scan</Filter>
    </ClInclude>
    <ClInclude Include="src\ofxRulr\Nodes\Render\NodeThroughView.h">
      <Filter>src\ofxRulr\Nodes\Render</Filter>
    </ClInclude>
    <ClInclude Include="src\ofxRulr\Nodes\DeclareNodes.h">
      <Filter>src\ofxRulr\Nodes</Filter>
    </ClInclude>
    <ClInclude Include="src\ofxRulr\Nodes\Data\Recorder.h">
      <Filter>src\ofxRulr\Nodes\Data</Filter>
    </ClInclude>
    <ClInclude Include="src\ofxRulr\Nodes\DMX\Transmit.h">
      <Filter>src\ofxRulr\Nodes\DMX</Filter>
    </ClInclude>
    <ClInclude Include="src\ofxRulr\Nodes\DMX\Base.h">
      <Filter>src\ofxRulr\Nodes\DMX</Filter>
    </ClInclude>
    <ClInclude Include="src\ofxRulr\Nodes\DMX\Fixture.h">
      <Filter>src\ofxRulr\Nodes\DMX</Filter>
    </ClInclude>
    <ClInclude Include="src\ofxRulr\Nodes\DMX\MovingHead.h">
      <Filter>src\ofxRulr\Nodes\DMX</Filter>
    </ClInclude>
    <ClInclude Include="src\ofxRulr\Nodes\DMX\Sharpy.h">
      <Filter>src\ofxRulr\Nodes\DMX</Filter>
    </ClInclude>
    <ClInclude Include="src\ofxRulr\Nodes\DMX\AimMovingHeadAt.h">
      <Filter>src\ofxRulr\Nodes\DMX</Filter>
    </ClInclude>
    <ClInclude Include="src\ofxRulr\Nodes\System\VideoOutput.h">
      <Filter>src\ofxRulr\Nodes\System</Filter>
    </ClInclude>
    <ClInclude Include="src\ofxRulr\Nodes\Test\ARCube.h">
      <Filter>src\ofxRulr\Nodes\Test</Filter>
    </ClInclude>
    <ClInclude Include="src\ofxRulr\Nodes\Test\Focus.h">
      <Filter>src\ofxRulr\Nodes\Test</Filter>
    </ClInclude>
    <ClInclude Include="src\ofxRulr\Nodes\Application\Assets.h">
      <Filter>src\ofxRulr\Nodes\Application</Filter>
    </ClInclude>
    <ClInclude Include="src\ofxRulr\Nodes\Data\Channels\Database.h">
      <Filter>src\ofxRulr\Nodes\Data\Channels</Filter>
    </ClInclude>
    <ClInclude Include="src\ofxRulr\Data\Channels\Channel.h">
      <Filter>src\ofxRulr\Data\Channels</Filter>
    </ClInclude>
    <ClInclude Include="src\ofxRulr\Data\Channels\Address.h">
      <Filter>src\ofxRulr\Data\Channels</Filter>
    </ClInclude>
    <ClInclude Include="src\pch_RulrNodes.h">
      <Filter>src</Filter>
    </ClInclude>
    <ClInclude Include="src\ofxRulr\Nodes\Data\Channels\Generator\Base.h">
      <Filter>src\ofxRulr\Nodes\Data\Channels\Generator</Filter>
    </ClInclude>
    <ClInclude Include="src\ofxRulr\Nodes\Data\Channels\Generator\Application.h">
      <Filter>src\ofxRulr\Nodes\Data\Channels\Generator</Filter>
    </ClInclude>
    <ClInclude Include="..\..\ofxTriangle\src\ofxTriangle.h">
      <Filter>addons\ofxTriangle\src</Filter>
    </ClInclude>
    <ClInclude Include="..\..\ofxTriangle\libs\Triangle\include\dpoint.hpp">
      <Filter>addons\ofxTriangle\libs\Triangle\include</Filter>
    </ClInclude>
    <ClInclude Include="..\..\ofxTriangle\libs\Triangle\include\triangle.h">
      <Filter>addons\ofxTriangle\libs\Triangle\include</Filter>
    </ClInclude>
    <ClInclude Include="..\..\ofxTriangle\libs\Triangle\include\triangle_impl.hpp">
      <Filter>addons\ofxTriangle\libs\Triangle\include</Filter>
    </ClInclude>
    <ClInclude Include="..\..\ofxTriangle\libs\Triangle\include\assert.hpp">
      <Filter>addons\ofxTriangle\libs\Triangle\include</Filter>
    </ClInclude>
    <ClInclude Include="..\..\ofxTriangle\libs\Triangle\include\del_interface.hpp">
      <Filter>addons\ofxTriangle\libs\Triangle\include</Filter>
    </ClInclude>
    <ClInclude Include="src\ofxRulr\Nodes\Data\Mesh.h">
      <Filter>src\ofxRulr\Nodes\Data</Filter>
    </ClInclude>
    <ClInclude Include="src\ofxRulr\Nodes\Template.h">
      <Filter>src\ofxRulr\Nodes</Filter>
    </ClInclude>
    <ClInclude Include="src\ofxRulr\Nodes\Application\openFrameworks.h">
      <Filter>src\ofxRulr\Nodes\Application</Filter>
    </ClInclude>
    <ClInclude Include="src\ofxRulr\Nodes\Test\Latency.h">
      <Filter>src\ofxRulr\Nodes\Test</Filter>
    </ClInclude>
    <ClInclude Include="src\ofxRulr\Utils\VideoOutputListener.h">
      <Filter>src\ofxRulr\Utils</Filter>
    </ClInclude>
    <ClInclude Include="src\ofxRulr\Nodes\Item\AbstractBoard.h">
      <Filter>src\ofxRulr\Nodes\Item</Filter>
    </ClInclude>
    <ClInclude Include="..\..\ofxAssimpModelLoader\src\ofxAssimpMeshHelper.h">
      <Filter>addons\ofxAssimpModelLoader\src</Filter>
    </ClInclude>
    <ClInclude Include="..\..\ofxAssimpModelLoader\src\ofxAssimpModelLoader.h">
      <Filter>addons\ofxAssimpModelLoader\src</Filter>
    </ClInclude>
    <ClInclude Include="..\..\ofxAssimpModelLoader\src\ofxAssimpTexture.h">
      <Filter>addons\ofxAssimpModelLoader\src</Filter>
    </ClInclude>
    <ClInclude Include="..\..\ofxAssimpModelLoader\src\ofxAssimpUtils.h">
      <Filter>addons\ofxAssimpModelLoader\src</Filter>
    </ClInclude>
    <ClInclude Include="..\..\ofxAssimpModelLoader\src\ofxAssimpAnimation.h">
      <Filter>addons\ofxAssimpModelLoader\src</Filter>
    </ClInclude>
    <ClInclude Include="src\ofxRulr\Nodes\Watchdog\Camera.h">
      <Filter>src\ofxRulr\Nodes\Watchdog</Filter>
    </ClInclude>
    <ClInclude Include="src\ofxRulr\Nodes\Watchdog\Startup.h">
      <Filter>src\ofxRulr\Nodes\Watchdog</Filter>
    </ClInclude>
    <ClInclude Include="src\ofxRulr\Nodes\Application\HTTPServerControl.h">
      <Filter>src\ofxRulr\Nodes\Application</Filter>
    </ClInclude>
    <ClInclude Include="src\ofxRulr\Nodes\Item\Mesh.h">
      <Filter>src\ofxRulr\Nodes\Item</Filter>
    </ClInclude>
    <ClInclude Include="src\ofxRulr\Nodes\Render\Style.h">
      <Filter>src\ofxRulr\Nodes\Render</Filter>
    </ClInclude>
    <ClInclude Include="src\ofxRulr\Nodes\Render\Lighting.h">
      <Filter>src\ofxRulr\Nodes\Render</Filter>
    </ClInclude>
    <ClInclude Include="src\ofxRulr\Nodes\Render\Draw.h">
      <Filter>src\ofxRulr\Nodes\Render</Filter>
    </ClInclude>
    <ClInclude Include="src\ofxRulr\Nodes\IHasVertices.h">
      <Filter>src\ofxRulr\Nodes</Filter>
    </ClInclude>
    <ClInclude Include="src\ofxRulr\Utils\Serialization\Nodes.h">
      <Filter>src\ofxRulr\Utils\Serialization</Filter>
    </ClInclude>
    <ClInclude Include="src\ofxRulr\Nodes\Item\BoardInWorld.h">
      <Filter>src\ofxRulr\Nodes\Item</Filter>
    </ClInclude>
  </ItemGroup>
  <ItemGroup>
    <ClCompile Include="..\..\ofxSpinCursor\src\ofxSpinCursor.cpp">
      <Filter>addons\ofxSpinCursor\src</Filter>
    </ClCompile>
    <ClCompile Include="..\..\ofxTriangulate\src\ofxTriangulate.cpp">
      <Filter>addons\ofxTriangulate\src</Filter>
    </ClCompile>
    <ClCompile Include="src\ofxRulr\Nodes\Item\Camera.cpp">
      <Filter>src\ofxRulr\Nodes\Item</Filter>
    </ClCompile>
    <ClCompile Include="src\ofxRulr\Nodes\Item\Projector.cpp">
      <Filter>src\ofxRulr\Nodes\Item</Filter>
    </ClCompile>
    <ClCompile Include="src\ofxRulr\Nodes\Item\RigidBody.cpp">
      <Filter>src\ofxRulr\Nodes\Item</Filter>
    </ClCompile>
    <ClCompile Include="src\ofxRulr\Nodes\Item\View.cpp">
      <Filter>src\ofxRulr\Nodes\Item</Filter>
    </ClCompile>
    <ClCompile Include="src\ofxRulr\Nodes\Item\Board.cpp">
      <Filter>src\ofxRulr\Nodes\Item</Filter>
    </ClCompile>
    <ClCompile Include="src\ofxRulr\Nodes\Procedure\Triangulate.cpp">
      <Filter>src\ofxRulr\Nodes\Procedure</Filter>
    </ClCompile>
    <ClCompile Include="src\ofxRulr\Nodes\Procedure\Scan\Graycode.cpp">
      <Filter>src\ofxRulr\Nodes\Procedure\Scan</Filter>
    </ClCompile>
    <ClCompile Include="src\ofxRulr\Nodes\Render\NodeThroughView.cpp">
      <Filter>src\ofxRulr\Nodes\Render</Filter>
    </ClCompile>
    <ClCompile Include="src\ofxRulr\Nodes\DeclareNodes.cpp">
      <Filter>src\ofxRulr\Nodes</Filter>
    </ClCompile>
    <ClCompile Include="src\ofxRulr\Nodes\Data\Recorder.cpp">
      <Filter>src\ofxRulr\Nodes\Data</Filter>
    </ClCompile>
    <ClCompile Include="src\ofxRulr\Nodes\DMX\Base.cpp">
      <Filter>src\ofxRulr\Nodes\DMX</Filter>
    </ClCompile>
    <ClCompile Include="src\ofxRulr\Nodes\DMX\Fixture.cpp">
      <Filter>src\ofxRulr\Nodes\DMX</Filter>
    </ClCompile>
    <ClCompile Include="src\ofxRulr\Nodes\DMX\MovingHead.cpp">
      <Filter>src\ofxRulr\Nodes\DMX</Filter>
    </ClCompile>
    <ClCompile Include="src\ofxRulr\Nodes\DMX\Sharpy.cpp">
      <Filter>src\ofxRulr\Nodes\DMX</Filter>
    </ClCompile>
    <ClCompile Include="src\ofxRulr\Nodes\DMX\AimMovingHeadAt.cpp">
      <Filter>src\ofxRulr\Nodes\DMX</Filter>
    </ClCompile>
    <ClCompile Include="src\ofxRulr\Nodes\System\VideoOutput.cpp">
      <Filter>src\ofxRulr\Nodes\System</Filter>
    </ClCompile>
    <ClCompile Include="src\ofxRulr\Nodes\Test\ARCube.cpp">
      <Filter>src\ofxRulr\Nodes\Test</Filter>
    </ClCompile>
    <ClCompile Include="src\ofxRulr\Nodes\Test\Focus.cpp">
      <Filter>src\ofxRulr\Nodes\Test</Filter>
    </ClCompile>
    <ClCompile Include="src\ofxRulr\Nodes\Application\Assets.cpp">
      <Filter>src\ofxRulr\Nodes\Application</Filter>
    </ClCompile>
    <ClCompile Include="src\ofxRulr\Nodes\Data\Channels\Database.cpp">
      <Filter>src\ofxRulr\Nodes\Data\Channels</Filter>
    </ClCompile>
    <ClCompile Include="src\ofxRulr\Data\Channels\Channel.cpp">
      <Filter>src\ofxRulr\Data\Channels</Filter>
    </ClCompile>
    <ClCompile Include="src\ofxRulr\Data\Channels\Address.cpp">
      <Filter>src\ofxRulr\Data\Channels</Filter>
    </ClCompile>
    <ClCompile Include="src\ofxRulr\Nodes\DMX\Transmit.cpp">
      <Filter>src\ofxRulr\Nodes\DMX</Filter>
    </ClCompile>
    <ClCompile Include="src\pch_RulrNodes.cpp">
      <Filter>src</Filter>
    </ClCompile>
    <ClCompile Include="src\ofxRulr\Nodes\Data\Channels\Generator\Base.cpp">
      <Filter>src\ofxRulr\Nodes\Data\Channels\Generator</Filter>
    </ClCompile>
    <ClCompile Include="src\ofxRulr\Nodes\Data\Channels\Generator\Application.cpp">
      <Filter>src\ofxRulr\Nodes\Data\Channels\Generator</Filter>
    </ClCompile>
    <ClCompile Include="..\..\ofxTriangle\src\ofxTriangle.cpp">
      <Filter>addons\ofxTriangle\src</Filter>
    </ClCompile>
    <ClCompile Include="..\..\ofxTriangle\libs\Triangle\src\del_impl.cpp">
      <Filter>addons\ofxTriangle\libs\Triangle\src</Filter>
    </ClCompile>
    <ClCompile Include="..\..\ofxTriangle\libs\Triangle\src\assert.cpp">
      <Filter>addons\ofxTriangle\libs\Triangle\src</Filter>
    </ClCompile>
    <ClCompile Include="src\ofxRulr\Nodes\Data\Mesh.cpp">
      <Filter>src\ofxRulr\Nodes\Data</Filter>
    </ClCompile>
    <ClCompile Include="src\ofxRulr\Nodes\Template.cpp">
      <Filter>src\ofxRulr\Nodes</Filter>
    </ClCompile>
    <ClCompile Include="src\ofxRulr\Nodes\Application\openFrameworks.cpp">
      <Filter>src\ofxRulr\Nodes\Application</Filter>
    </ClCompile>
    <ClCompile Include="src\ofxRulr\Nodes\Test\Latency.cpp">
      <Filter>src\ofxRulr\Nodes\Test</Filter>
    </ClCompile>
    <ClCompile Include="src\ofxRulr\Utils\VideoOutputListener.cpp">
      <Filter>src\ofxRulr\Utils</Filter>
    </ClCompile>
    <ClCompile Include="src\ofxRulr\Nodes\Item\AbstractBoard.cpp">
      <Filter>src\ofxRulr\Nodes\Item</Filter>
    </ClCompile>
    <ClCompile Include="..\..\ofxAssimpModelLoader\src\ofxAssimpMeshHelper.cpp">
      <Filter>addons\ofxAssimpModelLoader\src</Filter>
    </ClCompile>
    <ClCompile Include="..\..\ofxAssimpModelLoader\src\ofxAssimpModelLoader.cpp">
      <Filter>addons\ofxAssimpModelLoader\src</Filter>
    </ClCompile>
    <ClCompile Include="..\..\ofxAssimpModelLoader\src\ofxAssimpTexture.cpp">
      <Filter>addons\ofxAssimpModelLoader\src</Filter>
    </ClCompile>
    <ClCompile Include="..\..\ofxAssimpModelLoader\src\ofxAssimpAnimation.cpp">
      <Filter>addons\ofxAssimpModelLoader\src</Filter>
    </ClCompile>
    <ClCompile Include="src\ofxRulr\Nodes\Watchdog\Camera.cpp">
      <Filter>src\ofxRulr\Nodes\Watchdog</Filter>
    </ClCompile>
    <ClCompile Include="src\ofxRulr\Nodes\Watchdog\Startup.cpp">
      <Filter>src\ofxRulr\Nodes\Watchdog</Filter>
    </ClCompile>
    <ClCompile Include="src\ofxRulr\Nodes\Application\HTTPServerControl.cpp">
      <Filter>src\ofxRulr\Nodes\Application</Filter>
    </ClCompile>
    <ClCompile Include="src\ofxRulr\Nodes\Item\Mesh.cpp">
      <Filter>src\ofxRulr\Nodes\Item</Filter>
    </ClCompile>
    <ClCompile Include="src\ofxRulr\Nodes\Render\Style.cpp">
      <Filter>src\ofxRulr\Nodes\Render</Filter>
    </ClCompile>
    <ClCompile Include="src\ofxRulr\Nodes\Render\Lighting.cpp">
      <Filter>src\ofxRulr\Nodes\Render</Filter>
    </ClCompile>
    <ClCompile Include="src\ofxRulr\Nodes\Render\Draw.cpp">
      <Filter>src\ofxRulr\Nodes\Render</Filter>
    </ClCompile>
    <ClCompile Include="src\ofxRulr\Nodes\IHasVertices.cpp">
      <Filter>src\ofxRulr\Nodes</Filter>
    </ClCompile>
    <ClCompile Include="src\ofxRulr\Utils\Serialization\Nodes.cpp">
      <Filter>src\ofxRulr\Utils\Serialization</Filter>
    </ClCompile>
    <ClCompile Include="src\ofxRulr\Nodes\Item\BoardInWorld.cpp">
      <Filter>src\ofxRulr\Nodes\Item</Filter>
    </ClCompile>
  </ItemGroup>
</Project>