<?xml version="1.0" encoding="utf-8"?>
<Project ToolsVersion="4.0" xmlns="http://schemas.microsoft.com/developer/msbuild/2003">
  <ItemGroup>
    <Filter Include="src\ofxRulr\Graph">
      <UniqueIdentifier>{6c94d630-9339-4601-ae19-fdce499df997}</UniqueIdentifier>
    </Filter>
    <Filter Include="src\ofxRulr\Graph\Editor">
      <UniqueIdentifier>{e468759d-d487-48db-a966-6617ce9aa63d}</UniqueIdentifier>
    </Filter>
    <Filter Include="src\ofxRulr\Utils">
      <UniqueIdentifier>{3323f018-b50f-4eb5-8d8e-8465f90f3e62}</UniqueIdentifier>
    </Filter>
    <Filter Include="addons">
      <UniqueIdentifier>{7cfba1ea-d11f-4ef4-8926-c7e28ba7f0c9}</UniqueIdentifier>
    </Filter>
    <Filter Include="addons\ofxJson">
      <UniqueIdentifier>{8c21fc0c-fafb-4f80-a6a6-eed5e4fa917c}</UniqueIdentifier>
    </Filter>
    <Filter Include="addons\ofxJson\src">
      <UniqueIdentifier>{167a7f7c-1794-4d7d-bac5-7597db1343f3}</UniqueIdentifier>
    </Filter>
    <Filter Include="addons\ofxJson\libs">
      <UniqueIdentifier>{01ce3573-77fe-4a03-abc7-00514d41595e}</UniqueIdentifier>
    </Filter>
    <Filter Include="addons\ofxJson\libs\jsoncpp">
      <UniqueIdentifier>{09adac28-243d-4c77-afab-5f6d58547cbe}</UniqueIdentifier>
    </Filter>
    <Filter Include="addons\ofxJson\libs\jsoncpp\include">
      <UniqueIdentifier>{4a20149c-4e72-428b-b9e7-4b466736d711}</UniqueIdentifier>
    </Filter>
    <Filter Include="addons\ofxJson\libs\jsoncpp\include\json">
      <UniqueIdentifier>{c3dea055-97a3-4b31-bedc-b81aa430f8ac}</UniqueIdentifier>
    </Filter>
    <Filter Include="addons\ofxJson\libs\jsoncpp\src">
      <UniqueIdentifier>{bd5f6534-79ed-4305-af5c-9faec1039953}</UniqueIdentifier>
    </Filter>
    <Filter Include="addons\ofxClipboard">
      <UniqueIdentifier>{2e07442a-7b34-45d3-9ffd-dbd2f13430b1}</UniqueIdentifier>
    </Filter>
    <Filter Include="addons\ofxClipboard\src">
      <UniqueIdentifier>{82727677-eaf1-4107-9eb4-557d1488c722}</UniqueIdentifier>
    </Filter>
    <Filter Include="src">
      <UniqueIdentifier>{3bce12bf-90a2-4feb-831d-ead413a41720}</UniqueIdentifier>
    </Filter>
    <Filter Include="src\ofxRulr">
      <UniqueIdentifier>{1d8e493b-f189-4d07-8a39-851fdc37f1aa}</UniqueIdentifier>
    </Filter>
    <Filter Include="src\ofxRulr\Graph">
      <UniqueIdentifier>{949fbb27-4f39-4e76-8daa-fdbd87a6060d}</UniqueIdentifier>
    </Filter>
    <Filter Include="src\ofxRulr\Nodes">
      <UniqueIdentifier>{3e1f058f-86fd-4a62-b1e5-65fd6d04430f}</UniqueIdentifier>
    </Filter>
  </ItemGroup>
  <ItemGroup>
    <ClCompile Include="src\ofxRulr\Graph\Pin.cpp">
      <Filter>src\ofxRulr\Graph</Filter>
    </ClCompile>
    <ClCompile Include="src\ofxRulr\Graph\Summary.cpp">
      <Filter>src\ofxRulr\Graph</Filter>
    </ClCompile>
    <ClCompile Include="src\ofxRulr\Graph\World.cpp">
      <Filter>src\ofxRulr\Graph</Filter>
    </ClCompile>
    <ClCompile Include="src\ofxRulr\Graph\Editor\NodeHost.cpp">
      <Filter>src\ofxRulr\Graph\Editor</Filter>
    </ClCompile>
    <ClCompile Include="src\ofxRulr\Graph\Editor\Patch.cpp">
      <Filter>src\ofxRulr\Graph\Editor</Filter>
    </ClCompile>
    <ClCompile Include="src\ofxRulr\Graph\Editor\PinView.cpp">
      <Filter>src\ofxRulr\Graph\Editor</Filter>
    </ClCompile>
    <ClCompile Include="src\ofxRulr\Graph\Editor\LinkHost.cpp">
      <Filter>src\ofxRulr\Graph\Editor</Filter>
    </ClCompile>
    <ClCompile Include="src\ofxRulr\Graph\Editor\NodeBrowser.cpp">
      <Filter>src\ofxRulr\Graph\Editor</Filter>
    </ClCompile>
    <ClCompile Include="src\ofxRulr\Utils\Serializable.cpp">
      <Filter>src\ofxRulr\Utils</Filter>
    </ClCompile>
    <ClCompile Include="src\ofxRulr\Utils\Gui.cpp">
      <Filter>src\ofxRulr\Utils</Filter>
    </ClCompile>
    <ClCompile Include="src\ofxRulr\Utils\Initialiser.cpp">
      <Filter>src\ofxRulr\Utils</Filter>
    </ClCompile>
    <ClCompile Include="..\..\ofxJSON\src\ofxJSONElement.cpp">
      <Filter>addons\ofxJson\src</Filter>
    </ClCompile>
    <ClCompile Include="..\..\ofxJSON\libs\jsoncpp\src\json_writer.cpp">
      <Filter>addons\ofxJson\libs\jsoncpp\src</Filter>
    </ClCompile>
    <ClCompile Include="..\..\ofxJSON\libs\jsoncpp\src\json_reader.cpp">
      <Filter>addons\ofxJson\libs\jsoncpp\src</Filter>
    </ClCompile>
    <ClCompile Include="..\..\ofxJSON\libs\jsoncpp\src\json_value.cpp">
      <Filter>addons\ofxJson\libs\jsoncpp\src</Filter>
    </ClCompile>
    <ClCompile Include="..\..\ofxClipboard\src\ofxClipboard.cpp">
      <Filter>addons\ofxClipboard\src</Filter>
    </ClCompile>
    <ClCompile Include="src\ofxRulr\Exception.cpp">
      <Filter>src\ofxRulr</Filter>
    </ClCompile>
    <ClCompile Include="src\ofxRulr\Nodes\Base.cpp">
      <Filter>src\ofxRulr\Nodes</Filter>
    </ClCompile>
    <ClCompile Include="src\ofxRulr\Nodes\Graphics.cpp">
      <Filter>src\ofxRulr\Nodes</Filter>
    </ClCompile>
    <ClCompile Include="src\ofxRulr\Graph\FactoryRegister.cpp">
      <Filter>src\ofxRulr\Graph</Filter>
    </ClCompile>
    <ClCompile Include="src\ofxRulr\Utils\Base64.cpp">
      <Filter>src\ofxRulr\Utils</Filter>
    </ClCompile>
    <ClCompile Include="src\ofxRulr\Utils\PolyFit.cpp">
      <Filter>src\ofxRulr\Utils</Filter>
    </ClCompile>
    <ClCompile Include="src\ofxRulr\Utils\ScopedProcess.cpp">
      <Filter>src\ofxRulr\Utils</Filter>
    </ClCompile>
    <ClCompile Include="src\ofxRulr\Utils\SoundEngine.cpp">
      <Filter>src\ofxRulr\Utils</Filter>
    </ClCompile>
  </ItemGroup>
  <ItemGroup>
    <ClInclude Include="src\ofxRulr\Graph\Pin.h">
      <Filter>src\ofxRulr\Graph</Filter>
    </ClInclude>
    <ClInclude Include="src\ofxRulr\Graph\Summary.h">
      <Filter>src\ofxRulr\Graph</Filter>
    </ClInclude>
    <ClInclude Include="src\ofxRulr\Graph\World.h">
      <Filter>src\ofxRulr\Graph</Filter>
    </ClInclude>
    <ClInclude Include="src\ofxRulr\Graph\Editor\NodeBrowser.h">
      <Filter>src\ofxRulr\Graph\Editor</Filter>
    </ClInclude>
    <ClInclude Include="src\ofxRulr\Graph\Editor\NodeHost.h">
      <Filter>src\ofxRulr\Graph\Editor</Filter>
    </ClInclude>
    <ClInclude Include="src\ofxRulr\Graph\Editor\Patch.h">
      <Filter>src\ofxRulr\Graph\Editor</Filter>
    </ClInclude>
    <ClInclude Include="src\ofxRulr\Graph\Editor\PinView.h">
      <Filter>src\ofxRulr\Graph\Editor</Filter>
    </ClInclude>
    <ClInclude Include="src\ofxRulr\Graph\Editor\LinkHost.h">
      <Filter>src\ofxRulr\Graph\Editor</Filter>
    </ClInclude>
    <ClInclude Include="src\ofxRulr\Utils\Serializable.h">
      <Filter>src\ofxRulr\Utils</Filter>
    </ClInclude>
    <ClInclude Include="src\ofxRulr\Utils\Set.h">
      <Filter>src\ofxRulr\Utils</Filter>
    </ClInclude>
    <ClInclude Include="src\ofxRulr\Utils\Constants.h">
      <Filter>src\ofxRulr\Utils</Filter>
    </ClInclude>
    <ClInclude Include="src\ofxRulr\Utils\Gui.h">
      <Filter>src\ofxRulr\Utils</Filter>
    </ClInclude>
    <ClInclude Include="src\ofxRulr\Utils\Initialiser.h">
      <Filter>src\ofxRulr\Utils</Filter>
    </ClInclude>
    <ClInclude Include="..\..\ofxJSON\src\ofxJSONElement.h">
      <Filter>addons\ofxJson\src</Filter>
    </ClInclude>
    <ClInclude Include="..\..\ofxJSON\libs\jsoncpp\include\json\json.h">
      <Filter>addons\ofxJson\libs\jsoncpp\include\json</Filter>
    </ClInclude>
    <ClInclude Include="..\..\ofxJSON\libs\jsoncpp\include\json\reader.h">
      <Filter>addons\ofxJson\libs\jsoncpp\include\json</Filter>
    </ClInclude>
    <ClInclude Include="..\..\ofxJSON\libs\jsoncpp\include\json\value.h">
      <Filter>addons\ofxJson\libs\jsoncpp\include\json</Filter>
    </ClInclude>
    <ClInclude Include="..\..\ofxJSON\libs\jsoncpp\include\json\writer.h">
      <Filter>addons\ofxJson\libs\jsoncpp\include\json</Filter>
    </ClInclude>
    <ClInclude Include="..\..\ofxJSON\libs\jsoncpp\include\json\autolink.h">
      <Filter>addons\ofxJson\libs\jsoncpp\include\json</Filter>
    </ClInclude>
    <ClInclude Include="..\..\ofxJSON\libs\jsoncpp\include\json\config.h">
      <Filter>addons\ofxJson\libs\jsoncpp\include\json</Filter>
    </ClInclude>
    <ClInclude Include="..\..\ofxJSON\libs\jsoncpp\include\json\features.h">
      <Filter>addons\ofxJson\libs\jsoncpp\include\json</Filter>
    </ClInclude>
    <ClInclude Include="..\..\ofxJSON\libs\jsoncpp\include\json\forwards.h">
      <Filter>addons\ofxJson\libs\jsoncpp\include\json</Filter>
    </ClInclude>
    <ClInclude Include="..\..\ofxJSON\libs\jsoncpp\src\json_batchallocator.h">
      <Filter>addons\ofxJson\libs\jsoncpp\src</Filter>
    </ClInclude>
    <ClInclude Include="..\..\ofxJSON\libs\jsoncpp\src\json_tool.h">
      <Filter>addons\ofxJson\libs\jsoncpp\src</Filter>
    </ClInclude>
    <ClInclude Include="..\..\ofxClipboard\src\ofxClipboard.h">
      <Filter>addons\ofxClipboard\src</Filter>
    </ClInclude>
    <ClInclude Include="src\ofxRulr\Exception.h">
      <Filter>src\ofxRulr</Filter>
    </ClInclude>
    <ClInclude Include="src\ofxRulr\Version.h">
      <Filter>src\ofxRulr</Filter>
    </ClInclude>
    <ClInclude Include="src\ofxRulr\Nodes\Base.h">
      <Filter>src\ofxRulr\Nodes</Filter>
    </ClInclude>
    <ClInclude Include="src\ofxRulr\Nodes\Graphics.h">
      <Filter>src\ofxRulr\Nodes</Filter>
    </ClInclude>
    <ClInclude Include="src\ofxRulr\Graph\FactoryRegister.h">
      <Filter>src\ofxRulr\Graph</Filter>
    </ClInclude>
    <ClInclude Include="src\ofxRulr\Utils\Base64.h">
      <Filter>src\ofxRulr\Utils</Filter>
    </ClInclude>
    <ClInclude Include="src\ofxRulr\Utils\PolyFit.h">
      <Filter>src\ofxRulr\Utils</Filter>
    </ClInclude>
    <ClInclude Include="src\ofxRulr\Utils\ScopedProcess.h">
      <Filter>src\ofxRulr\Utils</Filter>
    </ClInclude>
    <ClInclude Include="src\ofxRulr\Utils\SoundEngine.h">
      <Filter>src\ofxRulr\Utils</Filter>
    </ClInclude>
  </ItemGroup>
  <ItemGroup>
    <None Include="..\..\ofxJSON\libs\jsoncpp\src\json_valueiterator.inl">
      <Filter>addons\ofxJson\libs\jsoncpp\src</Filter>
    </None>
    <None Include="..\..\ofxJSON\libs\jsoncpp\src\sconscript">
      <Filter>addons\ofxJson\libs\jsoncpp\src</Filter>
    </None>
    <None Include="..\..\ofxJSON\libs\jsoncpp\src\json_internalarray.inl">
      <Filter>addons\ofxJson\libs\jsoncpp\src</Filter>
    </None>
    <None Include="..\..\ofxJSON\libs\jsoncpp\src\json_internalmap.inl">
      <Filter>addons\ofxJson\libs\jsoncpp\src</Filter>
    </None>
  </ItemGroup>
</Project>