<?xml version="1.0" encoding="utf-8"?>
<Project ToolsVersion="4.0" xmlns="http://schemas.microsoft.com/developer/msbuild/2003">
  <ItemGroup>
    <Filter Include="src">
      <UniqueIdentifier>{55a0c96a-0ffa-4e33-8c35-9f7ac130ba55}</UniqueIdentifier>
    </Filter>
    <Filter Include="src\ofxDigitalEmulsion">
      <UniqueIdentifier>{aa6fb2ff-0b56-48fa-a8b1-4be2795edf6e}</UniqueIdentifier>
    </Filter>
    <Filter Include="src\ofxDigitalEmulsion\Utils">
      <UniqueIdentifier>{17332ddf-f69f-43e9-bdd8-04af49737c64}</UniqueIdentifier>
    </Filter>
    <Filter Include="src\ofxDigitalEmulsion\Item">
      <UniqueIdentifier>{b90f753f-45b7-4a46-a2fe-c83f26b96ebc}</UniqueIdentifier>
    </Filter>
    <Filter Include="src\ofxDigitalEmulsion\Calibrator">
      <UniqueIdentifier>{b72e1980-a6ce-42c7-b044-94fa88356e3a}</UniqueIdentifier>
    </Filter>
    <Filter Include="src\ofxDigitalEmulsion\Graph">
      <UniqueIdentifier>{56d0aaa9-8e7c-43a3-a62c-da89973f07e7}</UniqueIdentifier>
    </Filter>
  </ItemGroup>
  <ItemGroup>
    <ClInclude Include="..\src\ofxDigitalEmulsion.h">
      <Filter>src</Filter>
    </ClInclude>
    <ClInclude Include="..\src\ofxDigitalEmulsion\Utils\Set.h">
      <Filter>src\ofxDigitalEmulsion\Utils</Filter>
    </ClInclude>
    <ClInclude Include="..\src\ofxDigitalEmulsion\Item\World.h">
      <Filter>src\ofxDigitalEmulsion\Item</Filter>
    </ClInclude>
    <ClInclude Include="..\src\ofxDigitalEmulsion\Item\Base.h">
      <Filter>src\ofxDigitalEmulsion\Item</Filter>
    </ClInclude>
    <ClInclude Include="..\src\ofxDigitalEmulsion\Item\Camera.h">
      <Filter>src\ofxDigitalEmulsion\Item</Filter>
    </ClInclude>
    <ClInclude Include="..\src\ofxDigitalEmulsion\Item\Checkerboard.h">
      <Filter>src\ofxDigitalEmulsion\Item</Filter>
    </ClInclude>
    <ClInclude Include="..\src\ofxDigitalEmulsion\Item\Projector.h">
      <Filter>src\ofxDigitalEmulsion\Item</Filter>
    </ClInclude>
    <ClInclude Include="..\src\ofxDigitalEmulsion\Utils\Constants.h">
      <Filter>src\ofxDigitalEmulsion\Utils</Filter>
    </ClInclude>
    <ClInclude Include="..\src\ofxDigitalEmulsion\Graph\Pin.h">
      <Filter>src\ofxDigitalEmulsion\Graph</Filter>
    </ClInclude>
    <ClInclude Include="..\src\ofxDigitalEmulsion\Graph\Node.h">
      <Filter>src\ofxDigitalEmulsion\Graph</Filter>
    </ClInclude>
    <ClInclude Include="..\src\ofxDigitalEmulsion\Calibrator\CameraIntrinsics.h">
      <Filter>src\ofxDigitalEmulsion\Calibrator</Filter>
    </ClInclude>
    <ClInclude Include="..\src\ofxDigitalEmulsion\Calibrator\Base.h">
      <Filter>src\ofxDigitalEmulsion\Calibrator</Filter>
    </ClInclude>
  </ItemGroup>
  <ItemGroup>
    <ClCompile Include="..\src\ofxDigitalEmulsion\Item\World.cpp">
      <Filter>src\ofxDigitalEmulsion\Item</Filter>
    </ClCompile>
    <ClCompile Include="..\src\ofxDigitalEmulsion\Item\Camera.cpp">
      <Filter>src\ofxDigitalEmulsion\Item</Filter>
    </ClCompile>
    <ClCompile Include="..\src\ofxDigitalEmulsion\Item\Checkerboard.cpp">
      <Filter>src\ofxDigitalEmulsion\Item</Filter>
    </ClCompile>
    <ClCompile Include="..\src\ofxDigitalEmulsion\Item\Projector.cpp">
      <Filter>src\ofxDigitalEmulsion\Item</Filter>
    </ClCompile>
    <ClCompile Include="..\src\ofxDigitalEmulsion\Calibrator\CameraIntrinsis.cpp">
      <Filter>src\ofxDigitalEmulsion\Calibrator</Filter>
    </ClCompile>
    <ClCompile Include="..\src\ofxDigitalEmulsion\Graph\Pin.cpp">
      <Filter>src\ofxDigitalEmulsion\Graph</Filter>
    </ClCompile>
  </ItemGroup>
</Project>