<?xml version="1.0" encoding="utf-8"?>
<Project ToolsVersion="4.0" xmlns="http://schemas.microsoft.com/developer/msbuild/2003">
  <ItemGroup>
    <ClCompile Include="src\plugin.cpp" />
    <ClCompile Include="..\..\ofxBlackmagic2\pairs\ofxMachineVision\Device\DeckLink.cpp">
      <Filter>src\pairs\ofxMachineVision\Device</Filter>
    </ClCompile>
  </ItemGroup>
  <ItemGroup>
    <Filter Include="src">
      <UniqueIdentifier>{7cb23bcc-0fb3-4499-b761-25860287bbd0}</UniqueIdentifier>
    </Filter>
    <Filter Include="src\ofxRulr\Nodes\Procedure">
      <UniqueIdentifier>{faa2746c-f704-43a1-bcb3-f2eb4fca83e1}</UniqueIdentifier>
    </Filter>
    <Filter Include="src\ofxRulr\Nodes\Procedure\Calibrate">
      <UniqueIdentifier>{376e1462-6366-4f47-8372-53cc30de8df6}</UniqueIdentifier>
    </Filter>
    <Filter Include="src\ofxRulr\Nodes\Item">
      <UniqueIdentifier>{adae8927-d19a-4f23-b894-73994d05d55c}</UniqueIdentifier>
    </Filter>
    <Filter Include="src\pairs">
      <UniqueIdentifier>{21588390-1379-4634-9dd9-a3ea2fe04e61}</UniqueIdentifier>
    </Filter>
    <Filter Include="src\pairs\ofxMachineVision">
      <UniqueIdentifier>{718f430b-0d61-4861-a90d-a77567f00e9a}</UniqueIdentifier>
    </Filter>
    <Filter Include="src\pairs\ofxMachineVision\Device">
      <UniqueIdentifier>{1a7157d3-0590-4593-9f66-257919616cbb}</UniqueIdentifier>
    </Filter>
  </ItemGroup>
  <ItemGroup>
    <ClInclude Include="..\..\ofxBlackmagic2\pairs\ofxMachineVision\Device\DeckLink.h">
      <Filter>src\pairs\ofxMachineVision\Device</Filter>
    </ClInclude>
  </ItemGroup>
</Project>