<?xml version="1.0" encoding="utf-8"?>
<Project ToolsVersion="4.0" xmlns="http://schemas.microsoft.com/developer/msbuild/2003">
  <ItemGroup>
    <Filter Include="src">
      <UniqueIdentifier>{b859839d-46da-43da-b6da-cf5bec84f57b}</UniqueIdentifier>
    </Filter>
    <Filter Include="src\ofxRulr">
      <UniqueIdentifier>{f69eb000-c72a-4717-9639-98671cfc41b4}</UniqueIdentifier>
    </Filter>
    <Filter Include="src\ofxRulr\Nodes">
      <UniqueIdentifier>{717c6f3d-a06a-42aa-acad-661ab017ee39}</UniqueIdentifier>
    </Filter>
    <Filter Include="src\ofxRulr\Nodes\MultiTrack">
      <UniqueIdentifier>{782805c1-23d2-4976-86f5-6063ac9ee111}</UniqueIdentifier>
    </Filter>
    <Filter Include="src\ofxRulr\Nodes\MultiTrack\ChannelGenerator">
      <UniqueIdentifier>{bb63126f-5f4a-40bc-99d1-1b89c1c5f77c}</UniqueIdentifier>
    </Filter>
    <Filter Include="libs">
      <UniqueIdentifier>{33474ee7-ae63-412f-a4ea-448128e1d7c9}</UniqueIdentifier>
    </Filter>
    <Filter Include="libs\oscpkt">
      <UniqueIdentifier>{fb4fefb5-9ab4-4ce4-b8ec-b3d7b6b5e8e7}</UniqueIdentifier>
    </Filter>
    <Filter Include="libs\oscpkt\include">
      <UniqueIdentifier>{9193e087-85a4-4e02-899f-3ee0630a26a6}</UniqueIdentifier>
    </Filter>
    <Filter Include="libs\oscpkt\include\oscpkt">
      <UniqueIdentifier>{d0849f69-25e0-4a34-b25b-bbc5afdb263b}</UniqueIdentifier>
    </Filter>
    <Filter Include="src\ofxRulr\Nodes\MultiTrack\Test">
      <UniqueIdentifier>{f4dc4931-127e-4d92-816f-29e9062c414e}</UniqueIdentifier>
    </Filter>
    <Filter Include="src\ofxRulr\Utils">
      <UniqueIdentifier>{ba469132-582d-4d49-9e8b-3b2da0f0e0a7}</UniqueIdentifier>
    </Filter>
    <Filter Include="src\ofxRulr\Nodes\MultiTrack\Procedure">
      <UniqueIdentifier>{1fd566d0-fe01-43e9-b006-2d7f74e3bf6e}</UniqueIdentifier>
    </Filter>
  </ItemGroup>
  <ItemGroup>
    <ClInclude Include="src\pch_MultiTrack.h">
      <Filter>src</Filter>
    </ClInclude>
    <ClInclude Include="src\ofxRulr\Nodes\MultiTrack\ChannelGenerator\LocalKinect.h">
      <Filter>src\ofxRulr\Nodes\MultiTrack\ChannelGenerator</Filter>
    </ClInclude>
    <ClInclude Include="src\ofxRulr\Nodes\MultiTrack\ClientHandler.h">
      <Filter>src\ofxRulr\Nodes\MultiTrack</Filter>
    </ClInclude>
    <ClInclude Include="libs\oscpkt\include\oscpkt\udp.hh">
      <Filter>libs\oscpkt\include\oscpkt</Filter>
    </ClInclude>
    <ClInclude Include="libs\oscpkt\include\oscpkt\oscpkt.hh">
      <Filter>libs\oscpkt\include\oscpkt</Filter>
    </ClInclude>
    <ClInclude Include="src\ofxRulr\Nodes\MultiTrack\Receiver.h">
      <Filter>src\ofxRulr\Nodes\MultiTrack</Filter>
    </ClInclude>
    <ClInclude Include="src\ofxRulr\Nodes\MultiTrack\Test\FindMarker.h">
      <Filter>src\ofxRulr\Nodes\MultiTrack\Test</Filter>
    </ClInclude>
    <ClInclude Include="src\ofxRulr\Nodes\MultiTrack\Sender.h">
      <Filter>src\ofxRulr\Nodes\MultiTrack</Filter>
    </ClInclude>
    <ClInclude Include="src\ofxRulr\Utils\ControlSocket.h">
      <Filter>src\ofxRulr\Utils</Filter>
    </ClInclude>
    <ClInclude Include="src\ofxRulr\Nodes\MultiTrack\World.h">
      <Filter>src\ofxRulr\Nodes\MultiTrack</Filter>
    </ClInclude>
    <ClInclude Include="src\ofxRulr\Nodes\MultiTrack\Procedure\Calibrate.h">
      <Filter>src\ofxRulr\Nodes\MultiTrack\Procedure</Filter>
    </ClInclude>
    <ClInclude Include="src\ofxRulr\Nodes\MultiTrack\Subscriber.h">
      <Filter>src\ofxRulr\Nodes\MultiTrack</Filter>
    </ClInclude>
  </ItemGroup>
  <ItemGroup>
    <ClCompile Include="src\pch_MultiTrack.cpp">
      <Filter>src</Filter>
    </ClCompile>
    <ClCompile Include="src\ofxRulr\Nodes\MultiTrack\ChannelGenerator\LocalKinect.cpp">
      <Filter>src\ofxRulr\Nodes\MultiTrack\ChannelGenerator</Filter>
    </ClCompile>
    <ClCompile Include="src\ofxRulr\Nodes\MultiTrack\ChannelGenerator\plugin.cpp">
      <Filter>src</Filter>
    </ClCompile>
    <ClCompile Include="src\ofxRulr\Nodes\MultiTrack\ClientHandler.cpp">
      <Filter>src\ofxRulr\Nodes\MultiTrack</Filter>
    </ClCompile>
    <ClCompile Include="src\ofxRulr\Nodes\MultiTrack\Receiver.cpp">
      <Filter>src\ofxRulr\Nodes\MultiTrack</Filter>
    </ClCompile>
    <ClCompile Include="src\ofxRulr\Nodes\MultiTrack\Test\FindMarker.cpp">
      <Filter>src\ofxRulr\Nodes\MultiTrack\Test</Filter>
    </ClCompile>
    <ClCompile Include="src\ofxRulr\Nodes\MultiTrack\Sender.cpp">
      <Filter>src\ofxRulr\Nodes\MultiTrack</Filter>
    </ClCompile>
    <ClCompile Include="src\ofxRulr\Utils\ControlSocket.cpp">
      <Filter>src\ofxRulr\Utils</Filter>
    </ClCompile>
    <ClCompile Include="src\ofxRulr\Nodes\MultiTrack\World.cpp">
      <Filter>src\ofxRulr\Nodes\MultiTrack</Filter>
    </ClCompile>
    <ClCompile Include="src\ofxRulr\Nodes\MultiTrack\Procedure\Calibrate.cpp">
      <Filter>src\ofxRulr\Nodes\MultiTrack\Procedure</Filter>
    </ClCompile>
    <ClCompile Include="src\ofxRulr\Nodes\MultiTrack\Subscriber.cpp">
      <Filter>src\ofxRulr\Nodes\MultiTrack</Filter>
    </ClCompile>
  </ItemGroup>
</Project>